// !$*UTF8*$!
{
	archiveVersion = 1;
	classes = {
	};
	objectVersion = 56;
	objects = {

/* Begin PBXBuildFile section */
		2F1F3022F204D116674B43A9 /* Pods_Copilot.framework in Frameworks */ = {isa = PBXBuildFile; fileRef = 0C642FD017458DDF2F8A4D5C /* Pods_Copilot.framework */; };
		890D7CD12ACE99B500F053DA /* SignupViewModel.swift in Sources */ = {isa = PBXBuildFile; fileRef = 890D7CD02ACE99B500F053DA /* SignupViewModel.swift */; };
		890D7CD32ACE99BC00F053DA /* SignupViewController.swift in Sources */ = {isa = PBXBuildFile; fileRef = 890D7CD22ACE99BC00F053DA /* SignupViewController.swift */; };
		890D7CD52ACEB60D00F053DA /* AttributedText.swift in Sources */ = {isa = PBXBuildFile; fileRef = 890D7CD42ACEB60D00F053DA /* AttributedText.swift */; };
		891D1C952ACAB1A500457C17 /* CPButton.swift in Sources */ = {isa = PBXBuildFile; fileRef = 891D1C942ACAB1A500457C17 /* CPButton.swift */; };
		892A8CED2AC4C3720020C1C4 /* AppCoordinator.swift in Sources */ = {isa = PBXBuildFile; fileRef = 892A8CEC2AC4C3720020C1C4 /* AppCoordinator.swift */; };
		892A8CEF2AC4C3920020C1C4 /* Coordinator.swift in Sources */ = {isa = PBXBuildFile; fileRef = 892A8CEE2AC4C3920020C1C4 /* Coordinator.swift */; };
		892A8CF22AC4C6860020C1C4 /* Splash.storyboard in Resources */ = {isa = PBXBuildFile; fileRef = 892A8CF12AC4C6860020C1C4 /* Splash.storyboard */; };
		892A8CF42AC4C6D10020C1C4 /* SplashCoordinator.swift in Sources */ = {isa = PBXBuildFile; fileRef = 892A8CF32AC4C6D10020C1C4 /* SplashCoordinator.swift */; };
		892A8CF62AC4C6E50020C1C4 /* SplashViewModel.swift in Sources */ = {isa = PBXBuildFile; fileRef = 892A8CF52AC4C6E50020C1C4 /* SplashViewModel.swift */; };
		892A8CF82AC4C7160020C1C4 /* SplashViewController.swift in Sources */ = {isa = PBXBuildFile; fileRef = 892A8CF72AC4C7150020C1C4 /* SplashViewController.swift */; };
		892A8CFC2AC4D1510020C1C4 /* OnboardingCoordinator.swift in Sources */ = {isa = PBXBuildFile; fileRef = 892A8CFB2AC4D1510020C1C4 /* OnboardingCoordinator.swift */; };
		892A8CFE2AC4D15A0020C1C4 /* OnboardingViewModel.swift in Sources */ = {isa = PBXBuildFile; fileRef = 892A8CFD2AC4D15A0020C1C4 /* OnboardingViewModel.swift */; };
		892A8D002AC4D1650020C1C4 /* OnboardingViewController.swift in Sources */ = {isa = PBXBuildFile; fileRef = 892A8CFF2AC4D1650020C1C4 /* OnboardingViewController.swift */; };
		892A8D022AC4D1780020C1C4 /* Onboarding.storyboard in Resources */ = {isa = PBXBuildFile; fileRef = 892A8D012AC4D1780020C1C4 /* Onboarding.storyboard */; };
		892A8D082AC4E5820020C1C4 /* OnboardingCell.swift in Sources */ = {isa = PBXBuildFile; fileRef = 892A8D062AC4E5820020C1C4 /* OnboardingCell.swift */; };
		892A8D092AC4E5820020C1C4 /* OnboardingCell.xib in Resources */ = {isa = PBXBuildFile; fileRef = 892A8D072AC4E5820020C1C4 /* OnboardingCell.xib */; };
		892A8D0B2AC4E6600020C1C4 /* ScrollTouchHandler.swift in Sources */ = {isa = PBXBuildFile; fileRef = 892A8D0A2AC4E6600020C1C4 /* ScrollTouchHandler.swift */; };
		892A8D0D2AC4E6FF0020C1C4 /* CPLightButton.swift in Sources */ = {isa = PBXBuildFile; fileRef = 892A8D0C2AC4E6FF0020C1C4 /* CPLightButton.swift */; };
		892A8D0F2AC4E80F0020C1C4 /* TextStyle.swift in Sources */ = {isa = PBXBuildFile; fileRef = 892A8D0E2AC4E80F0020C1C4 /* TextStyle.swift */; };
		892A8D122AC4EAFA0020C1C4 /* DIN-Regular.ttf in Resources */ = {isa = PBXBuildFile; fileRef = 892A8D112AC4EAFA0020C1C4 /* DIN-Regular.ttf */; };
		892A8D142AC4EB050020C1C4 /* DIN-Medium.ttf in Resources */ = {isa = PBXBuildFile; fileRef = 892A8D132AC4EB050020C1C4 /* DIN-Medium.ttf */; };
		892A8D162AC4EB2A0020C1C4 /* DIN-Bold.ttf in Resources */ = {isa = PBXBuildFile; fileRef = 892A8D152AC4EB2A0020C1C4 /* DIN-Bold.ttf */; };
		892A8D192AC4EDB20020C1C4 /* Localization.plist in Resources */ = {isa = PBXBuildFile; fileRef = 892A8D182AC4EDB20020C1C4 /* Localization.plist */; };
		892A8D1B2AC587690020C1C4 /* Strings.swift in Sources */ = {isa = PBXBuildFile; fileRef = 892A8D1A2AC587690020C1C4 /* Strings.swift */; };
		892A8D1D2AC6052F0020C1C4 /* Images.swift in Sources */ = {isa = PBXBuildFile; fileRef = 892A8D1C2AC6052F0020C1C4 /* Images.swift */; };
		8989DD9F2AC493BF0035CD99 /* AppDelegate.swift in Sources */ = {isa = PBXBuildFile; fileRef = 8989DD9E2AC493BF0035CD99 /* AppDelegate.swift */; };
		8989DDA12AC493BF0035CD99 /* SceneDelegate.swift in Sources */ = {isa = PBXBuildFile; fileRef = 8989DDA02AC493BF0035CD99 /* SceneDelegate.swift */; };
		8989DDA32AC493BF0035CD99 /* ViewController.swift in Sources */ = {isa = PBXBuildFile; fileRef = 8989DDA22AC493BF0035CD99 /* ViewController.swift */; };
		8989DDA62AC493BF0035CD99 /* Main.storyboard in Resources */ = {isa = PBXBuildFile; fileRef = 8989DDA42AC493BF0035CD99 /* Main.storyboard */; };
		8989DDA82AC493C00035CD99 /* Assets.xcassets in Resources */ = {isa = PBXBuildFile; fileRef = 8989DDA72AC493C00035CD99 /* Assets.xcassets */; };
		8989DDAB2AC493C00035CD99 /* LaunchScreen.storyboard in Resources */ = {isa = PBXBuildFile; fileRef = 8989DDA92AC493C00035CD99 /* LaunchScreen.storyboard */; };
		89B0D0AE2ACA9CE900754443 /* CPCheckBox.swift in Sources */ = {isa = PBXBuildFile; fileRef = 89B0D0AD2ACA9CE900754443 /* CPCheckBox.swift */; };
		89C55DD02AC4A57900C3066A /* Reusable.swift in Sources */ = {isa = PBXBuildFile; fileRef = 89C55DCF2AC4A57900C3066A /* Reusable.swift */; };
		89C55DD22AC4A5B200C3066A /* StoryboardIdentifiable.swift in Sources */ = {isa = PBXBuildFile; fileRef = 89C55DD12AC4A5B200C3066A /* StoryboardIdentifiable.swift */; };
		89C55DDE2AC4A5FF00C3066A /* UIStoryboard+Storyboard.swift in Sources */ = {isa = PBXBuildFile; fileRef = 89C55DD42AC4A5FE00C3066A /* UIStoryboard+Storyboard.swift */; };
		89C55DDF2AC4A5FF00C3066A /* UIColor+Hex.swift in Sources */ = {isa = PBXBuildFile; fileRef = 89C55DD52AC4A5FF00C3066A /* UIColor+Hex.swift */; };
		89C55DE02AC4A5FF00C3066A /* UILabel+EXT.swift in Sources */ = {isa = PBXBuildFile; fileRef = 89C55DD62AC4A5FF00C3066A /* UILabel+EXT.swift */; };
		89C55DE12AC4A5FF00C3066A /* UIView+EXT.swift in Sources */ = {isa = PBXBuildFile; fileRef = 89C55DD72AC4A5FF00C3066A /* UIView+EXT.swift */; };
		89C55DE22AC4A5FF00C3066A /* UIImage+EXT.swift in Sources */ = {isa = PBXBuildFile; fileRef = 89C55DD82AC4A5FF00C3066A /* UIImage+EXT.swift */; };
		89C55DE32AC4A5FF00C3066A /* UIApplication+EXT.swift in Sources */ = {isa = PBXBuildFile; fileRef = 89C55DD92AC4A5FF00C3066A /* UIApplication+EXT.swift */; };
		89C55DE42AC4A5FF00C3066A /* UIViewController+EXT.swift in Sources */ = {isa = PBXBuildFile; fileRef = 89C55DDA2AC4A5FF00C3066A /* UIViewController+EXT.swift */; };
		89C55DE52AC4A5FF00C3066A /* UIViewController+StoryboardIdentifiable.swift in Sources */ = {isa = PBXBuildFile; fileRef = 89C55DDB2AC4A5FF00C3066A /* UIViewController+StoryboardIdentifiable.swift */; };
		89C55DE62AC4A5FF00C3066A /* UICollectionView+Reusable.swift in Sources */ = {isa = PBXBuildFile; fileRef = 89C55DDC2AC4A5FF00C3066A /* UICollectionView+Reusable.swift */; };
		89C55DE72AC4A5FF00C3066A /* UITableView+Reusable.swift in Sources */ = {isa = PBXBuildFile; fileRef = 89C55DDD2AC4A5FF00C3066A /* UITableView+Reusable.swift */; };
		89C55DEC2AC4A66300C3066A /* String+Ext.swift in Sources */ = {isa = PBXBuildFile; fileRef = 89C55DEA2AC4A66300C3066A /* String+Ext.swift */; };
		89C55DED2AC4A66300C3066A /* Collection+Safe.swift in Sources */ = {isa = PBXBuildFile; fileRef = 89C55DEB2AC4A66300C3066A /* Collection+Safe.swift */; };
		89C55DF02AC4A7CD00C3066A /* App.swift in Sources */ = {isa = PBXBuildFile; fileRef = 89C55DEF2AC4A7CD00C3066A /* App.swift */; };
		89C55DF22AC4A83400C3066A /* Storyboards.swift in Sources */ = {isa = PBXBuildFile; fileRef = 89C55DF12AC4A83400C3066A /* Storyboards.swift */; };
		89C55DF52AC4A91500C3066A /* Color.xcassets in Resources */ = {isa = PBXBuildFile; fileRef = 89C55DF42AC4A91500C3066A /* Color.xcassets */; };
		89DAB7FB2AC72D0E0098BA67 /* Login.storyboard in Resources */ = {isa = PBXBuildFile; fileRef = 89DAB7FA2AC72D0E0098BA67 /* Login.storyboard */; };
		89DAB7FD2AC72D240098BA67 /* LoginCoordinator.swift in Sources */ = {isa = PBXBuildFile; fileRef = 89DAB7FC2AC72D240098BA67 /* LoginCoordinator.swift */; };
		89DAB8002AC72D3D0098BA67 /* LoginViewModel.swift in Sources */ = {isa = PBXBuildFile; fileRef = 89DAB7FF2AC72D3D0098BA67 /* LoginViewModel.swift */; };
		89DAB8022AC72D450098BA67 /* LoginViewController.swift in Sources */ = {isa = PBXBuildFile; fileRef = 89DAB8012AC72D450098BA67 /* LoginViewController.swift */; };
		89DAB8042AC733F50098BA67 /* CPTextField.swift in Sources */ = {isa = PBXBuildFile; fileRef = 89DAB8032AC733F50098BA67 /* CPTextField.swift */; };
		89DAB8062AC738720098BA67 /* CPPasswordTextField.swift in Sources */ = {isa = PBXBuildFile; fileRef = 89DAB8052AC738720098BA67 /* CPPasswordTextField.swift */; };
		89DAB8082AC739EA0098BA67 /* CPEmailTextField.swift in Sources */ = {isa = PBXBuildFile; fileRef = 89DAB8072AC739EA0098BA67 /* CPEmailTextField.swift */; };
		89DAB80A2AC73BD50098BA67 /* CodeStrings.swift in Sources */ = {isa = PBXBuildFile; fileRef = 89DAB8092AC73BD50098BA67 /* CodeStrings.swift */; };
		89F6ADEC2AC4AD7700994F18 /* .swiftlint.yml in Resources */ = {isa = PBXBuildFile; fileRef = 89F6ADEB2AC4AD7700994F18 /* .swiftlint.yml */; };
/* End PBXBuildFile section */

/* Begin PBXFileReference section */
		0C642FD017458DDF2F8A4D5C /* Pods_Copilot.framework */ = {isa = PBXFileReference; explicitFileType = wrapper.framework; includeInIndex = 0; path = Pods_Copilot.framework; sourceTree = BUILT_PRODUCTS_DIR; };
		31B62A1858380F53F7CF8065 /* Pods-Copilot.release production.xcconfig */ = {isa = PBXFileReference; includeInIndex = 1; lastKnownFileType = text.xcconfig; name = "Pods-Copilot.release production.xcconfig"; path = "Target Support Files/Pods-Copilot/Pods-Copilot.release production.xcconfig"; sourceTree = "<group>"; };
		43C3A38552BFE21CD6BE7363 /* Pods-Copilot.debug development.xcconfig */ = {isa = PBXFileReference; includeInIndex = 1; lastKnownFileType = text.xcconfig; name = "Pods-Copilot.debug development.xcconfig"; path = "Target Support Files/Pods-Copilot/Pods-Copilot.debug development.xcconfig"; sourceTree = "<group>"; };
		890D7CD02ACE99B500F053DA /* SignupViewModel.swift */ = {isa = PBXFileReference; lastKnownFileType = sourcecode.swift; path = SignupViewModel.swift; sourceTree = "<group>"; };
		890D7CD22ACE99BC00F053DA /* SignupViewController.swift */ = {isa = PBXFileReference; lastKnownFileType = sourcecode.swift; path = SignupViewController.swift; sourceTree = "<group>"; };
		890D7CD42ACEB60D00F053DA /* AttributedText.swift */ = {isa = PBXFileReference; lastKnownFileType = sourcecode.swift; path = AttributedText.swift; sourceTree = "<group>"; };
		891D1C942ACAB1A500457C17 /* CPButton.swift */ = {isa = PBXFileReference; lastKnownFileType = sourcecode.swift; path = CPButton.swift; sourceTree = "<group>"; };
		892A8CEC2AC4C3720020C1C4 /* AppCoordinator.swift */ = {isa = PBXFileReference; lastKnownFileType = sourcecode.swift; path = AppCoordinator.swift; sourceTree = "<group>"; };
		892A8CEE2AC4C3920020C1C4 /* Coordinator.swift */ = {isa = PBXFileReference; lastKnownFileType = sourcecode.swift; path = Coordinator.swift; sourceTree = "<group>"; };
		892A8CF12AC4C6860020C1C4 /* Splash.storyboard */ = {isa = PBXFileReference; lastKnownFileType = file.storyboard; path = Splash.storyboard; sourceTree = "<group>"; };
		892A8CF32AC4C6D10020C1C4 /* SplashCoordinator.swift */ = {isa = PBXFileReference; lastKnownFileType = sourcecode.swift; path = SplashCoordinator.swift; sourceTree = "<group>"; };
		892A8CF52AC4C6E50020C1C4 /* SplashViewModel.swift */ = {isa = PBXFileReference; lastKnownFileType = sourcecode.swift; path = SplashViewModel.swift; sourceTree = "<group>"; };
		892A8CF72AC4C7150020C1C4 /* SplashViewController.swift */ = {isa = PBXFileReference; lastKnownFileType = sourcecode.swift; path = SplashViewController.swift; sourceTree = "<group>"; };
		892A8CFB2AC4D1510020C1C4 /* OnboardingCoordinator.swift */ = {isa = PBXFileReference; lastKnownFileType = sourcecode.swift; path = OnboardingCoordinator.swift; sourceTree = "<group>"; };
		892A8CFD2AC4D15A0020C1C4 /* OnboardingViewModel.swift */ = {isa = PBXFileReference; lastKnownFileType = sourcecode.swift; path = OnboardingViewModel.swift; sourceTree = "<group>"; };
		892A8CFF2AC4D1650020C1C4 /* OnboardingViewController.swift */ = {isa = PBXFileReference; lastKnownFileType = sourcecode.swift; path = OnboardingViewController.swift; sourceTree = "<group>"; };
		892A8D012AC4D1780020C1C4 /* Onboarding.storyboard */ = {isa = PBXFileReference; lastKnownFileType = file.storyboard; path = Onboarding.storyboard; sourceTree = "<group>"; };
		892A8D062AC4E5820020C1C4 /* OnboardingCell.swift */ = {isa = PBXFileReference; lastKnownFileType = sourcecode.swift; path = OnboardingCell.swift; sourceTree = "<group>"; };
		892A8D072AC4E5820020C1C4 /* OnboardingCell.xib */ = {isa = PBXFileReference; lastKnownFileType = file.xib; path = OnboardingCell.xib; sourceTree = "<group>"; };
		892A8D0A2AC4E6600020C1C4 /* ScrollTouchHandler.swift */ = {isa = PBXFileReference; lastKnownFileType = sourcecode.swift; path = ScrollTouchHandler.swift; sourceTree = "<group>"; };
		892A8D0C2AC4E6FF0020C1C4 /* CPLightButton.swift */ = {isa = PBXFileReference; lastKnownFileType = sourcecode.swift; path = CPLightButton.swift; sourceTree = "<group>"; };
		892A8D0E2AC4E80F0020C1C4 /* TextStyle.swift */ = {isa = PBXFileReference; lastKnownFileType = sourcecode.swift; path = TextStyle.swift; sourceTree = "<group>"; };
		892A8D112AC4EAFA0020C1C4 /* DIN-Regular.ttf */ = {isa = PBXFileReference; lastKnownFileType = file; path = "DIN-Regular.ttf"; sourceTree = "<group>"; };
		892A8D132AC4EB050020C1C4 /* DIN-Medium.ttf */ = {isa = PBXFileReference; lastKnownFileType = file; path = "DIN-Medium.ttf"; sourceTree = "<group>"; };
		892A8D152AC4EB2A0020C1C4 /* DIN-Bold.ttf */ = {isa = PBXFileReference; lastKnownFileType = file; path = "DIN-Bold.ttf"; sourceTree = "<group>"; };
		892A8D182AC4EDB20020C1C4 /* Localization.plist */ = {isa = PBXFileReference; lastKnownFileType = text.plist.xml; path = Localization.plist; sourceTree = "<group>"; };
		892A8D1A2AC587690020C1C4 /* Strings.swift */ = {isa = PBXFileReference; lastKnownFileType = sourcecode.swift; path = Strings.swift; sourceTree = "<group>"; };
		892A8D1C2AC6052F0020C1C4 /* Images.swift */ = {isa = PBXFileReference; lastKnownFileType = sourcecode.swift; path = Images.swift; sourceTree = "<group>"; };
		894E20DA2AC6A51900F69C27 /* Copilot.entitlements */ = {isa = PBXFileReference; lastKnownFileType = text.plist.entitlements; path = Copilot.entitlements; sourceTree = "<group>"; };
		8989DD9B2AC493BF0035CD99 /* Copilot.app */ = {isa = PBXFileReference; explicitFileType = wrapper.application; includeInIndex = 0; path = Copilot.app; sourceTree = BUILT_PRODUCTS_DIR; };
		8989DD9E2AC493BF0035CD99 /* AppDelegate.swift */ = {isa = PBXFileReference; lastKnownFileType = sourcecode.swift; path = AppDelegate.swift; sourceTree = "<group>"; };
		8989DDA02AC493BF0035CD99 /* SceneDelegate.swift */ = {isa = PBXFileReference; lastKnownFileType = sourcecode.swift; path = SceneDelegate.swift; sourceTree = "<group>"; };
		8989DDA22AC493BF0035CD99 /* ViewController.swift */ = {isa = PBXFileReference; lastKnownFileType = sourcecode.swift; path = ViewController.swift; sourceTree = "<group>"; };
		8989DDA52AC493BF0035CD99 /* Base */ = {isa = PBXFileReference; lastKnownFileType = file.storyboard; name = Base; path = Base.lproj/Main.storyboard; sourceTree = "<group>"; };
		8989DDA72AC493C00035CD99 /* Assets.xcassets */ = {isa = PBXFileReference; lastKnownFileType = folder.assetcatalog; path = Assets.xcassets; sourceTree = "<group>"; };
		8989DDAA2AC493C00035CD99 /* Base */ = {isa = PBXFileReference; lastKnownFileType = file.storyboard; name = Base; path = Base.lproj/LaunchScreen.storyboard; sourceTree = "<group>"; };
		8989DDAC2AC493C00035CD99 /* Info.plist */ = {isa = PBXFileReference; lastKnownFileType = text.plist.xml; path = Info.plist; sourceTree = "<group>"; };
		89B0D0AD2ACA9CE900754443 /* CPCheckBox.swift */ = {isa = PBXFileReference; lastKnownFileType = sourcecode.swift; path = CPCheckBox.swift; sourceTree = "<group>"; };
		89C55DCF2AC4A57900C3066A /* Reusable.swift */ = {isa = PBXFileReference; lastKnownFileType = sourcecode.swift; path = Reusable.swift; sourceTree = "<group>"; };
		89C55DD12AC4A5B200C3066A /* StoryboardIdentifiable.swift */ = {isa = PBXFileReference; lastKnownFileType = sourcecode.swift; path = StoryboardIdentifiable.swift; sourceTree = "<group>"; };
		89C55DD42AC4A5FE00C3066A /* UIStoryboard+Storyboard.swift */ = {isa = PBXFileReference; fileEncoding = 4; lastKnownFileType = sourcecode.swift; path = "UIStoryboard+Storyboard.swift"; sourceTree = "<group>"; };
		89C55DD52AC4A5FF00C3066A /* UIColor+Hex.swift */ = {isa = PBXFileReference; fileEncoding = 4; lastKnownFileType = sourcecode.swift; path = "UIColor+Hex.swift"; sourceTree = "<group>"; };
		89C55DD62AC4A5FF00C3066A /* UILabel+EXT.swift */ = {isa = PBXFileReference; fileEncoding = 4; lastKnownFileType = sourcecode.swift; path = "UILabel+EXT.swift"; sourceTree = "<group>"; };
		89C55DD72AC4A5FF00C3066A /* UIView+EXT.swift */ = {isa = PBXFileReference; fileEncoding = 4; lastKnownFileType = sourcecode.swift; path = "UIView+EXT.swift"; sourceTree = "<group>"; };
		89C55DD82AC4A5FF00C3066A /* UIImage+EXT.swift */ = {isa = PBXFileReference; fileEncoding = 4; lastKnownFileType = sourcecode.swift; path = "UIImage+EXT.swift"; sourceTree = "<group>"; };
		89C55DD92AC4A5FF00C3066A /* UIApplication+EXT.swift */ = {isa = PBXFileReference; fileEncoding = 4; lastKnownFileType = sourcecode.swift; path = "UIApplication+EXT.swift"; sourceTree = "<group>"; };
		89C55DDA2AC4A5FF00C3066A /* UIViewController+EXT.swift */ = {isa = PBXFileReference; fileEncoding = 4; lastKnownFileType = sourcecode.swift; path = "UIViewController+EXT.swift"; sourceTree = "<group>"; };
		89C55DDB2AC4A5FF00C3066A /* UIViewController+StoryboardIdentifiable.swift */ = {isa = PBXFileReference; fileEncoding = 4; lastKnownFileType = sourcecode.swift; path = "UIViewController+StoryboardIdentifiable.swift"; sourceTree = "<group>"; };
		89C55DDC2AC4A5FF00C3066A /* UICollectionView+Reusable.swift */ = {isa = PBXFileReference; fileEncoding = 4; lastKnownFileType = sourcecode.swift; path = "UICollectionView+Reusable.swift"; sourceTree = "<group>"; };
		89C55DDD2AC4A5FF00C3066A /* UITableView+Reusable.swift */ = {isa = PBXFileReference; fileEncoding = 4; lastKnownFileType = sourcecode.swift; path = "UITableView+Reusable.swift"; sourceTree = "<group>"; };
		89C55DEA2AC4A66300C3066A /* String+Ext.swift */ = {isa = PBXFileReference; fileEncoding = 4; lastKnownFileType = sourcecode.swift; path = "String+Ext.swift"; sourceTree = "<group>"; };
		89C55DEB2AC4A66300C3066A /* Collection+Safe.swift */ = {isa = PBXFileReference; fileEncoding = 4; lastKnownFileType = sourcecode.swift; path = "Collection+Safe.swift"; sourceTree = "<group>"; };
		89C55DEF2AC4A7CD00C3066A /* App.swift */ = {isa = PBXFileReference; fileEncoding = 4; lastKnownFileType = sourcecode.swift; path = App.swift; sourceTree = "<group>"; };
		89C55DF12AC4A83400C3066A /* Storyboards.swift */ = {isa = PBXFileReference; fileEncoding = 4; lastKnownFileType = sourcecode.swift; path = Storyboards.swift; sourceTree = "<group>"; };
		89C55DF42AC4A91500C3066A /* Color.xcassets */ = {isa = PBXFileReference; lastKnownFileType = folder.assetcatalog; path = Color.xcassets; sourceTree = "<group>"; };
		89DAB7FA2AC72D0E0098BA67 /* Login.storyboard */ = {isa = PBXFileReference; lastKnownFileType = file.storyboard; path = Login.storyboard; sourceTree = "<group>"; };
		89DAB7FC2AC72D240098BA67 /* LoginCoordinator.swift */ = {isa = PBXFileReference; lastKnownFileType = sourcecode.swift; path = LoginCoordinator.swift; sourceTree = "<group>"; };
		89DAB7FF2AC72D3D0098BA67 /* LoginViewModel.swift */ = {isa = PBXFileReference; lastKnownFileType = sourcecode.swift; path = LoginViewModel.swift; sourceTree = "<group>"; };
		89DAB8012AC72D450098BA67 /* LoginViewController.swift */ = {isa = PBXFileReference; lastKnownFileType = sourcecode.swift; path = LoginViewController.swift; sourceTree = "<group>"; };
		89DAB8032AC733F50098BA67 /* CPTextField.swift */ = {isa = PBXFileReference; lastKnownFileType = sourcecode.swift; path = CPTextField.swift; sourceTree = "<group>"; };
		89DAB8052AC738720098BA67 /* CPPasswordTextField.swift */ = {isa = PBXFileReference; lastKnownFileType = sourcecode.swift; path = CPPasswordTextField.swift; sourceTree = "<group>"; };
		89DAB8072AC739EA0098BA67 /* CPEmailTextField.swift */ = {isa = PBXFileReference; lastKnownFileType = sourcecode.swift; path = CPEmailTextField.swift; sourceTree = "<group>"; };
		89DAB8092AC73BD50098BA67 /* CodeStrings.swift */ = {isa = PBXFileReference; lastKnownFileType = sourcecode.swift; path = CodeStrings.swift; sourceTree = "<group>"; };
		89F6ADEB2AC4AD7700994F18 /* .swiftlint.yml */ = {isa = PBXFileReference; lastKnownFileType = text.yaml; path = .swiftlint.yml; sourceTree = "<group>"; };
		B5B645D4F3F778FEBCC416F5 /* Pods-Copilot.release development.xcconfig */ = {isa = PBXFileReference; includeInIndex = 1; lastKnownFileType = text.xcconfig; name = "Pods-Copilot.release development.xcconfig"; path = "Target Support Files/Pods-Copilot/Pods-Copilot.release development.xcconfig"; sourceTree = "<group>"; };
		FAAE0A468DDFAED8E614E518 /* Pods-Copilot.debug production.xcconfig */ = {isa = PBXFileReference; includeInIndex = 1; lastKnownFileType = text.xcconfig; name = "Pods-Copilot.debug production.xcconfig"; path = "Target Support Files/Pods-Copilot/Pods-Copilot.debug production.xcconfig"; sourceTree = "<group>"; };
/* End PBXFileReference section */

/* Begin PBXFrameworksBuildPhase section */
		8989DD982AC493BF0035CD99 /* Frameworks */ = {
			isa = PBXFrameworksBuildPhase;
			buildActionMask = 2147483647;
			files = (
				2F1F3022F204D116674B43A9 /* Pods_Copilot.framework in Frameworks */,
			);
			runOnlyForDeploymentPostprocessing = 0;
		};
/* End PBXFrameworksBuildPhase section */

/* Begin PBXGroup section */
		1E09D63557AA42D69A7B226A /* Frameworks */ = {
			isa = PBXGroup;
			children = (
				0C642FD017458DDF2F8A4D5C /* Pods_Copilot.framework */,
			);
			name = Frameworks;
			sourceTree = "<group>";
		};
		2BB87AC46346430B9D614CE2 /* Pods */ = {
			isa = PBXGroup;
			children = (
				43C3A38552BFE21CD6BE7363 /* Pods-Copilot.debug development.xcconfig */,
				FAAE0A468DDFAED8E614E518 /* Pods-Copilot.debug production.xcconfig */,
				B5B645D4F3F778FEBCC416F5 /* Pods-Copilot.release development.xcconfig */,
				31B62A1858380F53F7CF8065 /* Pods-Copilot.release production.xcconfig */,
			);
			path = Pods;
			sourceTree = "<group>";
		};
		890D7CCF2ACE997800F053DA /* Signup */ = {
			isa = PBXGroup;
			children = (
				890D7CD02ACE99B500F053DA /* SignupViewModel.swift */,
				890D7CD22ACE99BC00F053DA /* SignupViewController.swift */,
			);
			path = Signup;
			sourceTree = "<group>";
		};
		892A8CF02AC4C6760020C1C4 /* Splash */ = {
			isa = PBXGroup;
			children = (
				892A8CF12AC4C6860020C1C4 /* Splash.storyboard */,
				892A8CF32AC4C6D10020C1C4 /* SplashCoordinator.swift */,
				892A8CF52AC4C6E50020C1C4 /* SplashViewModel.swift */,
				892A8CF72AC4C7150020C1C4 /* SplashViewController.swift */,
			);
			path = Splash;
			sourceTree = "<group>";
		};
		892A8CFA2AC4D1310020C1C4 /* Onboarding */ = {
			isa = PBXGroup;
			children = (
				892A8CFB2AC4D1510020C1C4 /* OnboardingCoordinator.swift */,
				892A8D012AC4D1780020C1C4 /* Onboarding.storyboard */,
				892A8CFD2AC4D15A0020C1C4 /* OnboardingViewModel.swift */,
				892A8CFF2AC4D1650020C1C4 /* OnboardingViewController.swift */,
				892A8D032AC4E5560020C1C4 /* Cell */,
			);
			path = Onboarding;
			sourceTree = "<group>";
		};
		892A8D032AC4E5560020C1C4 /* Cell */ = {
			isa = PBXGroup;
			children = (
				892A8D062AC4E5820020C1C4 /* OnboardingCell.swift */,
				892A8D072AC4E5820020C1C4 /* OnboardingCell.xib */,
			);
			path = Cell;
			sourceTree = "<group>";
		};
		892A8D102AC4EAE00020C1C4 /* Fonts */ = {
			isa = PBXGroup;
			children = (
				892A8D152AC4EB2A0020C1C4 /* DIN-Bold.ttf */,
				892A8D132AC4EB050020C1C4 /* DIN-Medium.ttf */,
				892A8D112AC4EAFA0020C1C4 /* DIN-Regular.ttf */,
			);
			path = Fonts;
			sourceTree = "<group>";
		};
		892A8D172AC4ED870020C1C4 /* Strings */ = {
			isa = PBXGroup;
			children = (
				892A8D182AC4EDB20020C1C4 /* Localization.plist */,
				892A8D1A2AC587690020C1C4 /* Strings.swift */,
			);
			path = Strings;
			sourceTree = "<group>";
		};
		8989DD922AC493BF0035CD99 = {
			isa = PBXGroup;
			children = (
				89F6ADEB2AC4AD7700994F18 /* .swiftlint.yml */,
				8989DD9D2AC493BF0035CD99 /* Copilot */,
				8989DD9C2AC493BF0035CD99 /* Products */,
				2BB87AC46346430B9D614CE2 /* Pods */,
				1E09D63557AA42D69A7B226A /* Frameworks */,
			);
			sourceTree = "<group>";
		};
		8989DD9C2AC493BF0035CD99 /* Products */ = {
			isa = PBXGroup;
			children = (
				8989DD9B2AC493BF0035CD99 /* Copilot.app */,
			);
			name = Products;
			sourceTree = "<group>";
		};
		8989DD9D2AC493BF0035CD99 /* Copilot */ = {
			isa = PBXGroup;
			children = (
				894E20DA2AC6A51900F69C27 /* Copilot.entitlements */,
				89C55DC92AC4A4E000C3066A /* Application */,
				89C55DCB2AC4A52000C3066A /* Scenes */,
				89C55DCD2AC4A54200C3066A /* Common */,
				89C55DF32AC4A89900C3066A /* Supporting Files */,
			);
			path = Copilot;
			sourceTree = "<group>";
		};
		89C55DC92AC4A4E000C3066A /* Application */ = {
			isa = PBXGroup;
			children = (
				89C55DEF2AC4A7CD00C3066A /* App.swift */,
				8989DD9E2AC493BF0035CD99 /* AppDelegate.swift */,
				8989DDA02AC493BF0035CD99 /* SceneDelegate.swift */,
				8989DDA92AC493C00035CD99 /* LaunchScreen.storyboard */,
				89C55DCA2AC4A4FB00C3066A /* Config */,
			);
			path = Application;
			sourceTree = "<group>";
		};
		89C55DCA2AC4A4FB00C3066A /* Config */ = {
			isa = PBXGroup;
			children = (
				892A8D1C2AC6052F0020C1C4 /* Images.swift */,
				89DAB8092AC73BD50098BA67 /* CodeStrings.swift */,
				892A8D172AC4ED870020C1C4 /* Strings */,
				8989DDAC2AC493C00035CD99 /* Info.plist */,
			);
			path = Config;
			sourceTree = "<group>";
		};
		89C55DCB2AC4A52000C3066A /* Scenes */ = {
			isa = PBXGroup;
			children = (
				89C55DF12AC4A83400C3066A /* Storyboards.swift */,
				892A8CEE2AC4C3920020C1C4 /* Coordinator.swift */,
				892A8CEC2AC4C3720020C1C4 /* AppCoordinator.swift */,
				8989DDA42AC493BF0035CD99 /* Main.storyboard */,
				8989DDA22AC493BF0035CD99 /* ViewController.swift */,
				892A8CF02AC4C6760020C1C4 /* Splash */,
				892A8CFA2AC4D1310020C1C4 /* Onboarding */,
				89DAB7F92AC72CFE0098BA67 /* Login */,
			);
			path = Scenes;
			sourceTree = "<group>";
		};
		89C55DCC2AC4A53600C3066A /* Components */ = {
			isa = PBXGroup;
			children = (
				892A8D0A2AC4E6600020C1C4 /* ScrollTouchHandler.swift */,
				891D1C942ACAB1A500457C17 /* CPButton.swift */,
				892A8D0C2AC4E6FF0020C1C4 /* CPLightButton.swift */,
				89DAB8032AC733F50098BA67 /* CPTextField.swift */,
				89DAB8052AC738720098BA67 /* CPPasswordTextField.swift */,
				89DAB8072AC739EA0098BA67 /* CPEmailTextField.swift */,
				89B0D0AD2ACA9CE900754443 /* CPCheckBox.swift */,
			);
			path = Components;
			sourceTree = "<group>";
		};
		89C55DCD2AC4A54200C3066A /* Common */ = {
			isa = PBXGroup;
			children = (
				89C55DCC2AC4A53600C3066A /* Components */,
				89C55DCE2AC4A56A00C3066A /* Protocols */,
				89C55DD32AC4A5CB00C3066A /* Extensions */,
				89C55DEE2AC4A68C00C3066A /* Helpers */,
			);
			path = Common;
			sourceTree = "<group>";
		};
		89C55DCE2AC4A56A00C3066A /* Protocols */ = {
			isa = PBXGroup;
			children = (
				89C55DCF2AC4A57900C3066A /* Reusable.swift */,
				89C55DD12AC4A5B200C3066A /* StoryboardIdentifiable.swift */,
			);
			path = Protocols;
			sourceTree = "<group>";
		};
		89C55DD32AC4A5CB00C3066A /* Extensions */ = {
			isa = PBXGroup;
			children = (
				89C55DE92AC4A64200C3066A /* UIKit */,
				89C55DE82AC4A63700C3066A /* Foundation */,
			);
			path = Extensions;
			sourceTree = "<group>";
		};
		89C55DE82AC4A63700C3066A /* Foundation */ = {
			isa = PBXGroup;
			children = (
				89C55DEB2AC4A66300C3066A /* Collection+Safe.swift */,
				89C55DEA2AC4A66300C3066A /* String+Ext.swift */,
			);
			path = Foundation;
			sourceTree = "<group>";
		};
		89C55DE92AC4A64200C3066A /* UIKit */ = {
			isa = PBXGroup;
			children = (
				89C55DD92AC4A5FF00C3066A /* UIApplication+EXT.swift */,
				89C55DDC2AC4A5FF00C3066A /* UICollectionView+Reusable.swift */,
				89C55DD52AC4A5FF00C3066A /* UIColor+Hex.swift */,
				89C55DD82AC4A5FF00C3066A /* UIImage+EXT.swift */,
				89C55DD62AC4A5FF00C3066A /* UILabel+EXT.swift */,
				89C55DD42AC4A5FE00C3066A /* UIStoryboard+Storyboard.swift */,
				89C55DDD2AC4A5FF00C3066A /* UITableView+Reusable.swift */,
				89C55DD72AC4A5FF00C3066A /* UIView+EXT.swift */,
				89C55DDA2AC4A5FF00C3066A /* UIViewController+EXT.swift */,
				89C55DDB2AC4A5FF00C3066A /* UIViewController+StoryboardIdentifiable.swift */,
			);
			path = UIKit;
			sourceTree = "<group>";
		};
		89C55DEE2AC4A68C00C3066A /* Helpers */ = {
			isa = PBXGroup;
			children = (
				892A8D0E2AC4E80F0020C1C4 /* TextStyle.swift */,
				890D7CD42ACEB60D00F053DA /* AttributedText.swift */,
			);
			path = Helpers;
			sourceTree = "<group>";
		};
		89C55DF32AC4A89900C3066A /* Supporting Files */ = {
			isa = PBXGroup;
			children = (
				892A8D102AC4EAE00020C1C4 /* Fonts */,
				8989DDA72AC493C00035CD99 /* Assets.xcassets */,
				89C55DF42AC4A91500C3066A /* Color.xcassets */,
			);
			path = "Supporting Files";
			sourceTree = "<group>";
		};
		89DAB7F92AC72CFE0098BA67 /* Login */ = {
			isa = PBXGroup;
			children = (
				89DAB7FA2AC72D0E0098BA67 /* Login.storyboard */,
				89DAB7FC2AC72D240098BA67 /* LoginCoordinator.swift */,
				89DAB7FE2AC72D280098BA67 /* Login */,
				890D7CCF2ACE997800F053DA /* Signup */,
			);
			path = Login;
			sourceTree = "<group>";
		};
		89DAB7FE2AC72D280098BA67 /* Login */ = {
			isa = PBXGroup;
			children = (
				89DAB7FF2AC72D3D0098BA67 /* LoginViewModel.swift */,
				89DAB8012AC72D450098BA67 /* LoginViewController.swift */,
			);
			path = Login;
			sourceTree = "<group>";
		};
/* End PBXGroup section */

/* Begin PBXNativeTarget section */
		8989DD9A2AC493BF0035CD99 /* Copilot */ = {
			isa = PBXNativeTarget;
			buildConfigurationList = 8989DDAF2AC493C00035CD99 /* Build configuration list for PBXNativeTarget "Copilot" */;
			buildPhases = (
				A0B52EBCB65382A010790A87 /* [CP] Check Pods Manifest.lock */,
				8989DD972AC493BF0035CD99 /* Sources */,
				8989DD982AC493BF0035CD99 /* Frameworks */,
				8989DD992AC493BF0035CD99 /* Resources */,
				766A77620FFA6C9D82F1FF96 /* [CP] Embed Pods Frameworks */,
				89F6ADE82AC4ABB000994F18 /* SwiftLint Run Script */,
			);
			buildRules = (
			);
			dependencies = (
			);
			name = Copilot;
			productName = Copilot;
			productReference = 8989DD9B2AC493BF0035CD99 /* Copilot.app */;
			productType = "com.apple.product-type.application";
		};
/* End PBXNativeTarget section */

/* Begin PBXProject section */
		8989DD932AC493BF0035CD99 /* Project object */ = {
			isa = PBXProject;
			attributes = {
				BuildIndependentTargetsInParallel = 1;
				LastSwiftUpdateCheck = 1420;
				LastUpgradeCheck = 1420;
				TargetAttributes = {
					8989DD9A2AC493BF0035CD99 = {
						CreatedOnToolsVersion = 14.2;
					};
				};
			};
			buildConfigurationList = 8989DD962AC493BF0035CD99 /* Build configuration list for PBXProject "Copilot" */;
			compatibilityVersion = "Xcode 14.0";
			developmentRegion = en;
			hasScannedForEncodings = 0;
			knownRegions = (
				en,
				Base,
			);
			mainGroup = 8989DD922AC493BF0035CD99;
			productRefGroup = 8989DD9C2AC493BF0035CD99 /* Products */;
			projectDirPath = "";
			projectRoot = "";
			targets = (
				8989DD9A2AC493BF0035CD99 /* Copilot */,
			);
		};
/* End PBXProject section */

/* Begin PBXResourcesBuildPhase section */
		8989DD992AC493BF0035CD99 /* Resources */ = {
			isa = PBXResourcesBuildPhase;
			buildActionMask = 2147483647;
			files = (
				892A8D122AC4EAFA0020C1C4 /* DIN-Regular.ttf in Resources */,
				892A8D192AC4EDB20020C1C4 /* Localization.plist in Resources */,
				89F6ADEC2AC4AD7700994F18 /* .swiftlint.yml in Resources */,
				8989DDAB2AC493C00035CD99 /* LaunchScreen.storyboard in Resources */,
				892A8D142AC4EB050020C1C4 /* DIN-Medium.ttf in Resources */,
				8989DDA82AC493C00035CD99 /* Assets.xcassets in Resources */,
				89C55DF52AC4A91500C3066A /* Color.xcassets in Resources */,
				892A8D022AC4D1780020C1C4 /* Onboarding.storyboard in Resources */,
				8989DDA62AC493BF0035CD99 /* Main.storyboard in Resources */,
				892A8D092AC4E5820020C1C4 /* OnboardingCell.xib in Resources */,
				892A8CF22AC4C6860020C1C4 /* Splash.storyboard in Resources */,
				892A8D162AC4EB2A0020C1C4 /* DIN-Bold.ttf in Resources */,
				89DAB7FB2AC72D0E0098BA67 /* Login.storyboard in Resources */,
			);
			runOnlyForDeploymentPostprocessing = 0;
		};
/* End PBXResourcesBuildPhase section */

/* Begin PBXShellScriptBuildPhase section */
		766A77620FFA6C9D82F1FF96 /* [CP] Embed Pods Frameworks */ = {
			isa = PBXShellScriptBuildPhase;
			buildActionMask = 2147483647;
			files = (
			);
			inputFileListPaths = (
				"${PODS_ROOT}/Target Support Files/Pods-Copilot/Pods-Copilot-frameworks-${CONFIGURATION}-input-files.xcfilelist",
			);
			name = "[CP] Embed Pods Frameworks";
			outputFileListPaths = (
				"${PODS_ROOT}/Target Support Files/Pods-Copilot/Pods-Copilot-frameworks-${CONFIGURATION}-output-files.xcfilelist",
			);
			runOnlyForDeploymentPostprocessing = 0;
			shellPath = /bin/sh;
			shellScript = "\"${PODS_ROOT}/Target Support Files/Pods-Copilot/Pods-Copilot-frameworks.sh\"\n";
			showEnvVarsInLog = 0;
		};
		89F6ADE82AC4ABB000994F18 /* SwiftLint Run Script */ = {
			isa = PBXShellScriptBuildPhase;
			buildActionMask = 2147483647;
			files = (
			);
			inputFileListPaths = (
			);
			inputPaths = (
			);
			name = "SwiftLint Run Script";
			outputFileListPaths = (
			);
			outputPaths = (
			);
			runOnlyForDeploymentPostprocessing = 0;
			shellPath = /bin/sh;
			shellScript = "\"${PODS_ROOT}/SwiftLint/swiftlint\"\n";
		};
		A0B52EBCB65382A010790A87 /* [CP] Check Pods Manifest.lock */ = {
			isa = PBXShellScriptBuildPhase;
			buildActionMask = 2147483647;
			files = (
			);
			inputFileListPaths = (
			);
			inputPaths = (
				"${PODS_PODFILE_DIR_PATH}/Podfile.lock",
				"${PODS_ROOT}/Manifest.lock",
			);
			name = "[CP] Check Pods Manifest.lock";
			outputFileListPaths = (
			);
			outputPaths = (
				"$(DERIVED_FILE_DIR)/Pods-Copilot-checkManifestLockResult.txt",
			);
			runOnlyForDeploymentPostprocessing = 0;
			shellPath = /bin/sh;
			shellScript = "diff \"${PODS_PODFILE_DIR_PATH}/Podfile.lock\" \"${PODS_ROOT}/Manifest.lock\" > /dev/null\nif [ $? != 0 ] ; then\n    # print error to STDERR\n    echo \"error: The sandbox is not in sync with the Podfile.lock. Run 'pod install' or update your CocoaPods installation.\" >&2\n    exit 1\nfi\n# This output is used by Xcode 'outputs' to avoid re-running this script phase.\necho \"SUCCESS\" > \"${SCRIPT_OUTPUT_FILE_0}\"\n";
			showEnvVarsInLog = 0;
		};
/* End PBXShellScriptBuildPhase section */

/* Begin PBXSourcesBuildPhase section */
		8989DD972AC493BF0035CD99 /* Sources */ = {
			isa = PBXSourcesBuildPhase;
			buildActionMask = 2147483647;
			files = (
				89DAB8022AC72D450098BA67 /* LoginViewController.swift in Sources */,
				89DAB80A2AC73BD50098BA67 /* CodeStrings.swift in Sources */,
				890D7CD32ACE99BC00F053DA /* SignupViewController.swift in Sources */,
				890D7CD52ACEB60D00F053DA /* AttributedText.swift in Sources */,
				89DAB7FD2AC72D240098BA67 /* LoginCoordinator.swift in Sources */,
				89C55DDF2AC4A5FF00C3066A /* UIColor+Hex.swift in Sources */,
				89C55DED2AC4A66300C3066A /* Collection+Safe.swift in Sources */,
				89C55DD02AC4A57900C3066A /* Reusable.swift in Sources */,
				8989DDA32AC493BF0035CD99 /* ViewController.swift in Sources */,
				89C55DE52AC4A5FF00C3066A /* UIViewController+StoryboardIdentifiable.swift in Sources */,
				892A8CF42AC4C6D10020C1C4 /* SplashCoordinator.swift in Sources */,
				8989DD9F2AC493BF0035CD99 /* AppDelegate.swift in Sources */,
				89C55DE62AC4A5FF00C3066A /* UICollectionView+Reusable.swift in Sources */,
				89C55DF22AC4A83400C3066A /* Storyboards.swift in Sources */,
				89C55DE12AC4A5FF00C3066A /* UIView+EXT.swift in Sources */,
				89C55DDE2AC4A5FF00C3066A /* UIStoryboard+Storyboard.swift in Sources */,
				89C55DF02AC4A7CD00C3066A /* App.swift in Sources */,
				89DAB8002AC72D3D0098BA67 /* LoginViewModel.swift in Sources */,
				89C55DE42AC4A5FF00C3066A /* UIViewController+EXT.swift in Sources */,
				892A8CED2AC4C3720020C1C4 /* AppCoordinator.swift in Sources */,
				8989DDA12AC493BF0035CD99 /* SceneDelegate.swift in Sources */,
				892A8CF82AC4C7160020C1C4 /* SplashViewController.swift in Sources */,
				892A8D0B2AC4E6600020C1C4 /* ScrollTouchHandler.swift in Sources */,
				892A8D0D2AC4E6FF0020C1C4 /* CPLightButton.swift in Sources */,
				892A8D1B2AC587690020C1C4 /* Strings.swift in Sources */,
				89B0D0AE2ACA9CE900754443 /* CPCheckBox.swift in Sources */,
				891D1C952ACAB1A500457C17 /* CPButton.swift in Sources */,
				890D7CD12ACE99B500F053DA /* SignupViewModel.swift in Sources */,
				89DAB8082AC739EA0098BA67 /* CPEmailTextField.swift in Sources */,
				892A8D0F2AC4E80F0020C1C4 /* TextStyle.swift in Sources */,
				89DAB8042AC733F50098BA67 /* CPTextField.swift in Sources */,
				892A8D002AC4D1650020C1C4 /* OnboardingViewController.swift in Sources */,
				89C55DE72AC4A5FF00C3066A /* UITableView+Reusable.swift in Sources */,
				89C55DE22AC4A5FF00C3066A /* UIImage+EXT.swift in Sources */,
				89C55DE02AC4A5FF00C3066A /* UILabel+EXT.swift in Sources */,
				892A8CFE2AC4D15A0020C1C4 /* OnboardingViewModel.swift in Sources */,
				89DAB8062AC738720098BA67 /* CPPasswordTextField.swift in Sources */,
				892A8D1D2AC6052F0020C1C4 /* Images.swift in Sources */,
				892A8CFC2AC4D1510020C1C4 /* OnboardingCoordinator.swift in Sources */,
				892A8D082AC4E5820020C1C4 /* OnboardingCell.swift in Sources */,
				89C55DE32AC4A5FF00C3066A /* UIApplication+EXT.swift in Sources */,
				89C55DEC2AC4A66300C3066A /* String+Ext.swift in Sources */,
				89C55DD22AC4A5B200C3066A /* StoryboardIdentifiable.swift in Sources */,
				892A8CF62AC4C6E50020C1C4 /* SplashViewModel.swift in Sources */,
				892A8CEF2AC4C3920020C1C4 /* Coordinator.swift in Sources */,
			);
			runOnlyForDeploymentPostprocessing = 0;
		};
/* End PBXSourcesBuildPhase section */

/* Begin PBXVariantGroup section */
		8989DDA42AC493BF0035CD99 /* Main.storyboard */ = {
			isa = PBXVariantGroup;
			children = (
				8989DDA52AC493BF0035CD99 /* Base */,
			);
			name = Main.storyboard;
			sourceTree = "<group>";
		};
		8989DDA92AC493C00035CD99 /* LaunchScreen.storyboard */ = {
			isa = PBXVariantGroup;
			children = (
				8989DDAA2AC493C00035CD99 /* Base */,
			);
			name = LaunchScreen.storyboard;
			sourceTree = "<group>";
		};
/* End PBXVariantGroup section */

/* Begin XCBuildConfiguration section */
		8989DDAD2AC493C00035CD99 /* Debug Development */ = {
			isa = XCBuildConfiguration;
			buildSettings = {
				ALWAYS_SEARCH_USER_PATHS = NO;
				CLANG_ANALYZER_NONNULL = YES;
				CLANG_ANALYZER_NUMBER_OBJECT_CONVERSION = YES_AGGRESSIVE;
				CLANG_CXX_LANGUAGE_STANDARD = "gnu++20";
				CLANG_ENABLE_MODULES = YES;
				CLANG_ENABLE_OBJC_ARC = YES;
				CLANG_ENABLE_OBJC_WEAK = YES;
				CLANG_WARN_BLOCK_CAPTURE_AUTORELEASING = YES;
				CLANG_WARN_BOOL_CONVERSION = YES;
				CLANG_WARN_COMMA = YES;
				CLANG_WARN_CONSTANT_CONVERSION = YES;
				CLANG_WARN_DEPRECATED_OBJC_IMPLEMENTATIONS = YES;
				CLANG_WARN_DIRECT_OBJC_ISA_USAGE = YES_ERROR;
				CLANG_WARN_DOCUMENTATION_COMMENTS = YES;
				CLANG_WARN_EMPTY_BODY = YES;
				CLANG_WARN_ENUM_CONVERSION = YES;
				CLANG_WARN_INFINITE_RECURSION = YES;
				CLANG_WARN_INT_CONVERSION = YES;
				CLANG_WARN_NON_LITERAL_NULL_CONVERSION = YES;
				CLANG_WARN_OBJC_IMPLICIT_RETAIN_SELF = YES;
				CLANG_WARN_OBJC_LITERAL_CONVERSION = YES;
				CLANG_WARN_OBJC_ROOT_CLASS = YES_ERROR;
				CLANG_WARN_QUOTED_INCLUDE_IN_FRAMEWORK_HEADER = YES;
				CLANG_WARN_RANGE_LOOP_ANALYSIS = YES;
				CLANG_WARN_STRICT_PROTOTYPES = YES;
				CLANG_WARN_SUSPICIOUS_MOVE = YES;
				CLANG_WARN_UNGUARDED_AVAILABILITY = YES_AGGRESSIVE;
				CLANG_WARN_UNREACHABLE_CODE = YES;
				CLANG_WARN__DUPLICATE_METHOD_MATCH = YES;
				COPY_PHASE_STRIP = NO;
				DEBUG_INFORMATION_FORMAT = dwarf;
				ENABLE_STRICT_OBJC_MSGSEND = YES;
				ENABLE_TESTABILITY = YES;
				GCC_C_LANGUAGE_STANDARD = gnu11;
				GCC_DYNAMIC_NO_PIC = NO;
				GCC_NO_COMMON_BLOCKS = YES;
				GCC_OPTIMIZATION_LEVEL = 0;
				GCC_PREPROCESSOR_DEFINITIONS = (
					"DEBUG=1",
					"$(inherited)",
				);
				GCC_WARN_64_TO_32_BIT_CONVERSION = YES;
				GCC_WARN_ABOUT_RETURN_TYPE = YES_ERROR;
				GCC_WARN_UNDECLARED_SELECTOR = YES;
				GCC_WARN_UNINITIALIZED_AUTOS = YES_AGGRESSIVE;
				GCC_WARN_UNUSED_FUNCTION = YES;
				GCC_WARN_UNUSED_VARIABLE = YES;
				IPHONEOS_DEPLOYMENT_TARGET = 16.2;
				MTL_ENABLE_DEBUG_INFO = INCLUDE_SOURCE;
				MTL_FAST_MATH = YES;
				ONLY_ACTIVE_ARCH = YES;
				SDKROOT = iphoneos;
				SWIFT_ACTIVE_COMPILATION_CONDITIONS = DEBUG;
				SWIFT_OPTIMIZATION_LEVEL = "-Onone";
			};
			name = "Debug Development";
		};
		8989DDAE2AC493C00035CD99 /* Release Development */ = {
			isa = XCBuildConfiguration;
			buildSettings = {
				ALWAYS_SEARCH_USER_PATHS = NO;
				CLANG_ANALYZER_NONNULL = YES;
				CLANG_ANALYZER_NUMBER_OBJECT_CONVERSION = YES_AGGRESSIVE;
				CLANG_CXX_LANGUAGE_STANDARD = "gnu++20";
				CLANG_ENABLE_MODULES = YES;
				CLANG_ENABLE_OBJC_ARC = YES;
				CLANG_ENABLE_OBJC_WEAK = YES;
				CLANG_WARN_BLOCK_CAPTURE_AUTORELEASING = YES;
				CLANG_WARN_BOOL_CONVERSION = YES;
				CLANG_WARN_COMMA = YES;
				CLANG_WARN_CONSTANT_CONVERSION = YES;
				CLANG_WARN_DEPRECATED_OBJC_IMPLEMENTATIONS = YES;
				CLANG_WARN_DIRECT_OBJC_ISA_USAGE = YES_ERROR;
				CLANG_WARN_DOCUMENTATION_COMMENTS = YES;
				CLANG_WARN_EMPTY_BODY = YES;
				CLANG_WARN_ENUM_CONVERSION = YES;
				CLANG_WARN_INFINITE_RECURSION = YES;
				CLANG_WARN_INT_CONVERSION = YES;
				CLANG_WARN_NON_LITERAL_NULL_CONVERSION = YES;
				CLANG_WARN_OBJC_IMPLICIT_RETAIN_SELF = YES;
				CLANG_WARN_OBJC_LITERAL_CONVERSION = YES;
				CLANG_WARN_OBJC_ROOT_CLASS = YES_ERROR;
				CLANG_WARN_QUOTED_INCLUDE_IN_FRAMEWORK_HEADER = YES;
				CLANG_WARN_RANGE_LOOP_ANALYSIS = YES;
				CLANG_WARN_STRICT_PROTOTYPES = YES;
				CLANG_WARN_SUSPICIOUS_MOVE = YES;
				CLANG_WARN_UNGUARDED_AVAILABILITY = YES_AGGRESSIVE;
				CLANG_WARN_UNREACHABLE_CODE = YES;
				CLANG_WARN__DUPLICATE_METHOD_MATCH = YES;
				COPY_PHASE_STRIP = NO;
				DEBUG_INFORMATION_FORMAT = "dwarf-with-dsym";
				ENABLE_NS_ASSERTIONS = NO;
				ENABLE_STRICT_OBJC_MSGSEND = YES;
				GCC_C_LANGUAGE_STANDARD = gnu11;
				GCC_NO_COMMON_BLOCKS = YES;
				GCC_WARN_64_TO_32_BIT_CONVERSION = YES;
				GCC_WARN_ABOUT_RETURN_TYPE = YES_ERROR;
				GCC_WARN_UNDECLARED_SELECTOR = YES;
				GCC_WARN_UNINITIALIZED_AUTOS = YES_AGGRESSIVE;
				GCC_WARN_UNUSED_FUNCTION = YES;
				GCC_WARN_UNUSED_VARIABLE = YES;
				IPHONEOS_DEPLOYMENT_TARGET = 16.2;
				MTL_ENABLE_DEBUG_INFO = NO;
				MTL_FAST_MATH = YES;
				SDKROOT = iphoneos;
				SWIFT_COMPILATION_MODE = wholemodule;
				SWIFT_OPTIMIZATION_LEVEL = "-O";
				VALIDATE_PRODUCT = YES;
			};
			name = "Release Development";
		};
		8989DDB02AC493C00035CD99 /* Debug Development */ = {
			isa = XCBuildConfiguration;
			baseConfigurationReference = 43C3A38552BFE21CD6BE7363 /* Pods-Copilot.debug development.xcconfig */;
			buildSettings = {
				ASSETCATALOG_COMPILER_APPICON_NAME = AppIcon;
				ASSETCATALOG_COMPILER_GLOBAL_ACCENT_COLOR_NAME = AccentColor;
				CODE_SIGN_ENTITLEMENTS = Copilot/Copilot.entitlements;
				CODE_SIGN_STYLE = Automatic;
				CURRENT_PROJECT_VERSION = 2;
				DEVELOPMENT_TEAM = 88MUA8FE52;
				GENERATE_INFOPLIST_FILE = YES;
				INFOPLIST_FILE = Copilot/Application/Config/Info.plist;
				INFOPLIST_KEY_CFBundleDisplayName = Copilot;
				INFOPLIST_KEY_UIApplicationSupportsIndirectInputEvents = YES;
				INFOPLIST_KEY_UILaunchStoryboardName = LaunchScreen;
				INFOPLIST_KEY_UIMainStoryboardFile = Main;
				INFOPLIST_KEY_UISupportedInterfaceOrientations = UIInterfaceOrientationPortrait;
				INFOPLIST_KEY_UISupportedInterfaceOrientations_iPad = "UIInterfaceOrientationLandscapeLeft UIInterfaceOrientationLandscapeRight UIInterfaceOrientationPortrait UIInterfaceOrientationPortraitUpsideDown";
				IPHONEOS_DEPLOYMENT_TARGET = 15.0;
				LD_RUNPATH_SEARCH_PATHS = (
					"$(inherited)",
					"@executable_path/Frameworks",
				);
				MARKETING_VERSION = 1.0;
				PRODUCT_BUNDLE_IDENTIFIER = com.solidict.copilot.dev;
				PRODUCT_NAME = "$(TARGET_NAME)";
				SWIFT_ACTIVE_COMPILATION_CONDITIONS = DEV_DEBUG;
				SWIFT_EMIT_LOC_STRINGS = YES;
				SWIFT_VERSION = 5.0;
				TARGETED_DEVICE_FAMILY = "1,2";
			};
			name = "Debug Development";
		};
		8989DDB12AC493C00035CD99 /* Release Development */ = {
			isa = XCBuildConfiguration;
			baseConfigurationReference = B5B645D4F3F778FEBCC416F5 /* Pods-Copilot.release development.xcconfig */;
			buildSettings = {
				ASSETCATALOG_COMPILER_APPICON_NAME = AppIcon;
				ASSETCATALOG_COMPILER_GLOBAL_ACCENT_COLOR_NAME = AccentColor;
				CODE_SIGN_ENTITLEMENTS = Copilot/Copilot.entitlements;
				CODE_SIGN_STYLE = Automatic;
				CURRENT_PROJECT_VERSION = 2;
				DEVELOPMENT_TEAM = 88MUA8FE52;
				GENERATE_INFOPLIST_FILE = YES;
				INFOPLIST_FILE = Copilot/Application/Config/Info.plist;
				INFOPLIST_KEY_CFBundleDisplayName = Copilot;
				INFOPLIST_KEY_UIApplicationSupportsIndirectInputEvents = YES;
				INFOPLIST_KEY_UILaunchStoryboardName = LaunchScreen;
				INFOPLIST_KEY_UIMainStoryboardFile = Main;
				INFOPLIST_KEY_UISupportedInterfaceOrientations = UIInterfaceOrientationPortrait;
				INFOPLIST_KEY_UISupportedInterfaceOrientations_iPad = "UIInterfaceOrientationLandscapeLeft UIInterfaceOrientationLandscapeRight UIInterfaceOrientationPortrait UIInterfaceOrientationPortraitUpsideDown";
				IPHONEOS_DEPLOYMENT_TARGET = 15.0;
				LD_RUNPATH_SEARCH_PATHS = (
					"$(inherited)",
					"@executable_path/Frameworks",
				);
				MARKETING_VERSION = 1.0;
				PRODUCT_BUNDLE_IDENTIFIER = com.solidict.copilot.dev;
				PRODUCT_NAME = "$(TARGET_NAME)";
				SWIFT_ACTIVE_COMPILATION_CONDITIONS = DEV_RELEASE;
				SWIFT_EMIT_LOC_STRINGS = YES;
				SWIFT_VERSION = 5.0;
				TARGETED_DEVICE_FAMILY = "1,2";
			};
			name = "Release Development";
		};
		89C55DC52AC496ED00C3066A /* Debug Production */ = {
			isa = XCBuildConfiguration;
			buildSettings = {
				ALWAYS_SEARCH_USER_PATHS = NO;
				CLANG_ANALYZER_NONNULL = YES;
				CLANG_ANALYZER_NUMBER_OBJECT_CONVERSION = YES_AGGRESSIVE;
				CLANG_CXX_LANGUAGE_STANDARD = "gnu++20";
				CLANG_ENABLE_MODULES = YES;
				CLANG_ENABLE_OBJC_ARC = YES;
				CLANG_ENABLE_OBJC_WEAK = YES;
				CLANG_WARN_BLOCK_CAPTURE_AUTORELEASING = YES;
				CLANG_WARN_BOOL_CONVERSION = YES;
				CLANG_WARN_COMMA = YES;
				CLANG_WARN_CONSTANT_CONVERSION = YES;
				CLANG_WARN_DEPRECATED_OBJC_IMPLEMENTATIONS = YES;
				CLANG_WARN_DIRECT_OBJC_ISA_USAGE = YES_ERROR;
				CLANG_WARN_DOCUMENTATION_COMMENTS = YES;
				CLANG_WARN_EMPTY_BODY = YES;
				CLANG_WARN_ENUM_CONVERSION = YES;
				CLANG_WARN_INFINITE_RECURSION = YES;
				CLANG_WARN_INT_CONVERSION = YES;
				CLANG_WARN_NON_LITERAL_NULL_CONVERSION = YES;
				CLANG_WARN_OBJC_IMPLICIT_RETAIN_SELF = YES;
				CLANG_WARN_OBJC_LITERAL_CONVERSION = YES;
				CLANG_WARN_OBJC_ROOT_CLASS = YES_ERROR;
				CLANG_WARN_QUOTED_INCLUDE_IN_FRAMEWORK_HEADER = YES;
				CLANG_WARN_RANGE_LOOP_ANALYSIS = YES;
				CLANG_WARN_STRICT_PROTOTYPES = YES;
				CLANG_WARN_SUSPICIOUS_MOVE = YES;
				CLANG_WARN_UNGUARDED_AVAILABILITY = YES_AGGRESSIVE;
				CLANG_WARN_UNREACHABLE_CODE = YES;
				CLANG_WARN__DUPLICATE_METHOD_MATCH = YES;
				COPY_PHASE_STRIP = NO;
				DEBUG_INFORMATION_FORMAT = dwarf;
				ENABLE_STRICT_OBJC_MSGSEND = YES;
				ENABLE_TESTABILITY = YES;
				GCC_C_LANGUAGE_STANDARD = gnu11;
				GCC_DYNAMIC_NO_PIC = NO;
				GCC_NO_COMMON_BLOCKS = YES;
				GCC_OPTIMIZATION_LEVEL = 0;
				GCC_PREPROCESSOR_DEFINITIONS = (
					"DEBUG=1",
					"$(inherited)",
				);
				GCC_WARN_64_TO_32_BIT_CONVERSION = YES;
				GCC_WARN_ABOUT_RETURN_TYPE = YES_ERROR;
				GCC_WARN_UNDECLARED_SELECTOR = YES;
				GCC_WARN_UNINITIALIZED_AUTOS = YES_AGGRESSIVE;
				GCC_WARN_UNUSED_FUNCTION = YES;
				GCC_WARN_UNUSED_VARIABLE = YES;
				IPHONEOS_DEPLOYMENT_TARGET = 16.2;
				MTL_ENABLE_DEBUG_INFO = INCLUDE_SOURCE;
				MTL_FAST_MATH = YES;
				ONLY_ACTIVE_ARCH = YES;
				SDKROOT = iphoneos;
				SWIFT_ACTIVE_COMPILATION_CONDITIONS = DEBUG;
				SWIFT_OPTIMIZATION_LEVEL = "-Onone";
			};
			name = "Debug Production";
		};
		89C55DC62AC496ED00C3066A /* Debug Production */ = {
			isa = XCBuildConfiguration;
			baseConfigurationReference = FAAE0A468DDFAED8E614E518 /* Pods-Copilot.debug production.xcconfig */;
			buildSettings = {
				ASSETCATALOG_COMPILER_APPICON_NAME = AppIcon;
				ASSETCATALOG_COMPILER_GLOBAL_ACCENT_COLOR_NAME = AccentColor;
				CODE_SIGN_ENTITLEMENTS = Copilot/Copilot.entitlements;
				CODE_SIGN_STYLE = Automatic;
				CURRENT_PROJECT_VERSION = 2;
				DEVELOPMENT_TEAM = 88MUA8FE52;
				GENERATE_INFOPLIST_FILE = YES;
				INFOPLIST_FILE = Copilot/Application/Config/Info.plist;
				INFOPLIST_KEY_CFBundleDisplayName = Copilot;
				INFOPLIST_KEY_UIApplicationSupportsIndirectInputEvents = YES;
				INFOPLIST_KEY_UILaunchStoryboardName = LaunchScreen;
				INFOPLIST_KEY_UIMainStoryboardFile = Main;
				INFOPLIST_KEY_UISupportedInterfaceOrientations = UIInterfaceOrientationPortrait;
				INFOPLIST_KEY_UISupportedInterfaceOrientations_iPad = "UIInterfaceOrientationLandscapeLeft UIInterfaceOrientationLandscapeRight UIInterfaceOrientationPortrait UIInterfaceOrientationPortraitUpsideDown";
				IPHONEOS_DEPLOYMENT_TARGET = 15.0;
				LD_RUNPATH_SEARCH_PATHS = (
					"$(inherited)",
					"@executable_path/Frameworks",
				);
				MARKETING_VERSION = 1.0;
				PRODUCT_BUNDLE_IDENTIFIER = com.solidict.copilot;
				PRODUCT_NAME = "$(TARGET_NAME)";
				SWIFT_ACTIVE_COMPILATION_CONDITIONS = PROD_DEBUG;
				SWIFT_EMIT_LOC_STRINGS = YES;
				SWIFT_VERSION = 5.0;
				TARGETED_DEVICE_FAMILY = "1,2";
			};
			name = "Debug Production";
		};
		89C55DC72AC496FF00C3066A /* Release Production */ = {
			isa = XCBuildConfiguration;
			buildSettings = {
				ALWAYS_SEARCH_USER_PATHS = NO;
				CLANG_ANALYZER_NONNULL = YES;
				CLANG_ANALYZER_NUMBER_OBJECT_CONVERSION = YES_AGGRESSIVE;
				CLANG_CXX_LANGUAGE_STANDARD = "gnu++20";
				CLANG_ENABLE_MODULES = YES;
				CLANG_ENABLE_OBJC_ARC = YES;
				CLANG_ENABLE_OBJC_WEAK = YES;
				CLANG_WARN_BLOCK_CAPTURE_AUTORELEASING = YES;
				CLANG_WARN_BOOL_CONVERSION = YES;
				CLANG_WARN_COMMA = YES;
				CLANG_WARN_CONSTANT_CONVERSION = YES;
				CLANG_WARN_DEPRECATED_OBJC_IMPLEMENTATIONS = YES;
				CLANG_WARN_DIRECT_OBJC_ISA_USAGE = YES_ERROR;
				CLANG_WARN_DOCUMENTATION_COMMENTS = YES;
				CLANG_WARN_EMPTY_BODY = YES;
				CLANG_WARN_ENUM_CONVERSION = YES;
				CLANG_WARN_INFINITE_RECURSION = YES;
				CLANG_WARN_INT_CONVERSION = YES;
				CLANG_WARN_NON_LITERAL_NULL_CONVERSION = YES;
				CLANG_WARN_OBJC_IMPLICIT_RETAIN_SELF = YES;
				CLANG_WARN_OBJC_LITERAL_CONVERSION = YES;
				CLANG_WARN_OBJC_ROOT_CLASS = YES_ERROR;
				CLANG_WARN_QUOTED_INCLUDE_IN_FRAMEWORK_HEADER = YES;
				CLANG_WARN_RANGE_LOOP_ANALYSIS = YES;
				CLANG_WARN_STRICT_PROTOTYPES = YES;
				CLANG_WARN_SUSPICIOUS_MOVE = YES;
				CLANG_WARN_UNGUARDED_AVAILABILITY = YES_AGGRESSIVE;
				CLANG_WARN_UNREACHABLE_CODE = YES;
				CLANG_WARN__DUPLICATE_METHOD_MATCH = YES;
				COPY_PHASE_STRIP = NO;
				DEBUG_INFORMATION_FORMAT = "dwarf-with-dsym";
				ENABLE_NS_ASSERTIONS = NO;
				ENABLE_STRICT_OBJC_MSGSEND = YES;
				GCC_C_LANGUAGE_STANDARD = gnu11;
				GCC_NO_COMMON_BLOCKS = YES;
				GCC_WARN_64_TO_32_BIT_CONVERSION = YES;
				GCC_WARN_ABOUT_RETURN_TYPE = YES_ERROR;
				GCC_WARN_UNDECLARED_SELECTOR = YES;
				GCC_WARN_UNINITIALIZED_AUTOS = YES_AGGRESSIVE;
				GCC_WARN_UNUSED_FUNCTION = YES;
				GCC_WARN_UNUSED_VARIABLE = YES;
				IPHONEOS_DEPLOYMENT_TARGET = 16.2;
				MTL_ENABLE_DEBUG_INFO = NO;
				MTL_FAST_MATH = YES;
				SDKROOT = iphoneos;
				SWIFT_COMPILATION_MODE = wholemodule;
				SWIFT_OPTIMIZATION_LEVEL = "-O";
				VALIDATE_PRODUCT = YES;
			};
			name = "Release Production";
		};
		89C55DC82AC496FF00C3066A /* Release Production */ = {
			isa = XCBuildConfiguration;
			baseConfigurationReference = 31B62A1858380F53F7CF8065 /* Pods-Copilot.release production.xcconfig */;
			buildSettings = {
				ASSETCATALOG_COMPILER_APPICON_NAME = AppIcon;
				ASSETCATALOG_COMPILER_GLOBAL_ACCENT_COLOR_NAME = AccentColor;
				CODE_SIGN_ENTITLEMENTS = Copilot/Copilot.entitlements;
				CODE_SIGN_STYLE = Automatic;
				CURRENT_PROJECT_VERSION = 2;
				DEVELOPMENT_TEAM = 88MUA8FE52;
				GENERATE_INFOPLIST_FILE = YES;
				INFOPLIST_FILE = Copilot/Application/Config/Info.plist;
				INFOPLIST_KEY_CFBundleDisplayName = Copilot;
				INFOPLIST_KEY_UIApplicationSupportsIndirectInputEvents = YES;
				INFOPLIST_KEY_UILaunchStoryboardName = LaunchScreen;
				INFOPLIST_KEY_UIMainStoryboardFile = Main;
				INFOPLIST_KEY_UISupportedInterfaceOrientations = UIInterfaceOrientationPortrait;
				INFOPLIST_KEY_UISupportedInterfaceOrientations_iPad = "UIInterfaceOrientationLandscapeLeft UIInterfaceOrientationLandscapeRight UIInterfaceOrientationPortrait UIInterfaceOrientationPortraitUpsideDown";
				IPHONEOS_DEPLOYMENT_TARGET = 15.0;
				LD_RUNPATH_SEARCH_PATHS = (
					"$(inherited)",
					"@executable_path/Frameworks",
				);
				MARKETING_VERSION = 1.0;
				PRODUCT_BUNDLE_IDENTIFIER = com.solidict.copilot;
				PRODUCT_NAME = "$(TARGET_NAME)";
				SWIFT_EMIT_LOC_STRINGS = YES;
				SWIFT_VERSION = 5.0;
				TARGETED_DEVICE_FAMILY = "1,2";
			};
			name = "Release Production";
		};
/* End XCBuildConfiguration section */

/* Begin XCConfigurationList section */
		8989DD962AC493BF0035CD99 /* Build configuration list for PBXProject "Copilot" */ = {
			isa = XCConfigurationList;
			buildConfigurations = (
				8989DDAD2AC493C00035CD99 /* Debug Development */,
				89C55DC52AC496ED00C3066A /* Debug Production */,
				8989DDAE2AC493C00035CD99 /* Release Development */,
				89C55DC72AC496FF00C3066A /* Release Production */,
			);
			defaultConfigurationIsVisible = 0;
			defaultConfigurationName = "Release Development";
		};
		8989DDAF2AC493C00035CD99 /* Build configuration list for PBXNativeTarget "Copilot" */ = {
			isa = XCConfigurationList;
			buildConfigurations = (
				8989DDB02AC493C00035CD99 /* Debug Development */,
				89C55DC62AC496ED00C3066A /* Debug Production */,
				8989DDB12AC493C00035CD99 /* Release Development */,
				89C55DC82AC496FF00C3066A /* Release Production */,
			);
			defaultConfigurationIsVisible = 0;
			defaultConfigurationName = "Release Development";
		};
/* End XCConfigurationList section */
	};
	rootObject = 8989DD932AC493BF0035CD99 /* Project object */;
}
