// !$*UTF8*$!
{
	archiveVersion = 1;
	classes = {
	};
	objectVersion = 56;
	objects = {

/* Begin PBXBuildFile section */
		8989DD9F2AC493BF0035CD99 /* AppDelegate.swift in Sources */ = {isa = PBXBuildFile; fileRef = 8989DD9E2AC493BF0035CD99 /* AppDelegate.swift */; };
		8989DDA12AC493BF0035CD99 /* SceneDelegate.swift in Sources */ = {isa = PBXBuildFile; fileRef = 8989DDA02AC493BF0035CD99 /* SceneDelegate.swift */; };
		8989DDA32AC493BF0035CD99 /* ViewController.swift in Sources */ = {isa = PBXBuildFile; fileRef = 8989DDA22AC493BF0035CD99 /* ViewController.swift */; };
		8989DDA62AC493BF0035CD99 /* Main.storyboard in Resources */ = {isa = PBXBuildFile; fileRef = 8989DDA42AC493BF0035CD99 /* Main.storyboard */; };
		8989DDA82AC493C00035CD99 /* Assets.xcassets in Resources */ = {isa = PBXBuildFile; fileRef = 8989DDA72AC493C00035CD99 /* Assets.xcassets */; };
		8989DDAB2AC493C00035CD99 /* LaunchScreen.storyboard in Resources */ = {isa = PBXBuildFile; fileRef = 8989DDA92AC493C00035CD99 /* LaunchScreen.storyboard */; };
		89C55DD02AC4A57900C3066A /* Reusable.swift in Sources */ = {isa = PBXBuildFile; fileRef = 89C55DCF2AC4A57900C3066A /* Reusable.swift */; };
		89C55DD22AC4A5B200C3066A /* StoryboardIdentifiable.swift in Sources */ = {isa = PBXBuildFile; fileRef = 89C55DD12AC4A5B200C3066A /* StoryboardIdentifiable.swift */; };
		89C55DDE2AC4A5FF00C3066A /* UIStoryboard+Storyboard.swift in Sources */ = {isa = PBXBuildFile; fileRef = 89C55DD42AC4A5FE00C3066A /* UIStoryboard+Storyboard.swift */; };
		89C55DDF2AC4A5FF00C3066A /* UIColor+Hex.swift in Sources */ = {isa = PBXBuildFile; fileRef = 89C55DD52AC4A5FF00C3066A /* UIColor+Hex.swift */; };
		89C55DE02AC4A5FF00C3066A /* UILabel+EXT.swift in Sources */ = {isa = PBXBuildFile; fileRef = 89C55DD62AC4A5FF00C3066A /* UILabel+EXT.swift */; };
		89C55DE12AC4A5FF00C3066A /* UIView+EXT.swift in Sources */ = {isa = PBXBuildFile; fileRef = 89C55DD72AC4A5FF00C3066A /* UIView+EXT.swift */; };
		89C55DE22AC4A5FF00C3066A /* UIImage+EXT.swift in Sources */ = {isa = PBXBuildFile; fileRef = 89C55DD82AC4A5FF00C3066A /* UIImage+EXT.swift */; };
		89C55DE32AC4A5FF00C3066A /* UIApplication+EXT.swift in Sources */ = {isa = PBXBuildFile; fileRef = 89C55DD92AC4A5FF00C3066A /* UIApplication+EXT.swift */; };
		89C55DE42AC4A5FF00C3066A /* UIViewController+EXT.swift in Sources */ = {isa = PBXBuildFile; fileRef = 89C55DDA2AC4A5FF00C3066A /* UIViewController+EXT.swift */; };
		89C55DE52AC4A5FF00C3066A /* UIViewController+StoryboardIdentifiable.swift in Sources */ = {isa = PBXBuildFile; fileRef = 89C55DDB2AC4A5FF00C3066A /* UIViewController+StoryboardIdentifiable.swift */; };
		89C55DE62AC4A5FF00C3066A /* UICollectionView+Reusable.swift in Sources */ = {isa = PBXBuildFile; fileRef = 89C55DDC2AC4A5FF00C3066A /* UICollectionView+Reusable.swift */; };
		89C55DE72AC4A5FF00C3066A /* UITableView+Reusable.swift in Sources */ = {isa = PBXBuildFile; fileRef = 89C55DDD2AC4A5FF00C3066A /* UITableView+Reusable.swift */; };
		89C55DEC2AC4A66300C3066A /* String+Ext.swift in Sources */ = {isa = PBXBuildFile; fileRef = 89C55DEA2AC4A66300C3066A /* String+Ext.swift */; };
		89C55DED2AC4A66300C3066A /* Collection+Safe.swift in Sources */ = {isa = PBXBuildFile; fileRef = 89C55DEB2AC4A66300C3066A /* Collection+Safe.swift */; };
		89C55DF02AC4A7CD00C3066A /* App.swift in Sources */ = {isa = PBXBuildFile; fileRef = 89C55DEF2AC4A7CD00C3066A /* App.swift */; };
		89C55DF22AC4A83400C3066A /* Storyboards.swift in Sources */ = {isa = PBXBuildFile; fileRef = 89C55DF12AC4A83400C3066A /* Storyboards.swift */; };
		89C55DF52AC4A91500C3066A /* Color.xcassets in Resources */ = {isa = PBXBuildFile; fileRef = 89C55DF42AC4A91500C3066A /* Color.xcassets */; };
/* End PBXBuildFile section */

/* Begin PBXFileReference section */
		8989DD9B2AC493BF0035CD99 /* Copilot.app */ = {isa = PBXFileReference; explicitFileType = wrapper.application; includeInIndex = 0; path = Copilot.app; sourceTree = BUILT_PRODUCTS_DIR; };
		8989DD9E2AC493BF0035CD99 /* AppDelegate.swift */ = {isa = PBXFileReference; lastKnownFileType = sourcecode.swift; path = AppDelegate.swift; sourceTree = "<group>"; };
		8989DDA02AC493BF0035CD99 /* SceneDelegate.swift */ = {isa = PBXFileReference; lastKnownFileType = sourcecode.swift; path = SceneDelegate.swift; sourceTree = "<group>"; };
		8989DDA22AC493BF0035CD99 /* ViewController.swift */ = {isa = PBXFileReference; lastKnownFileType = sourcecode.swift; path = ViewController.swift; sourceTree = "<group>"; };
		8989DDA52AC493BF0035CD99 /* Base */ = {isa = PBXFileReference; lastKnownFileType = file.storyboard; name = Base; path = Base.lproj/Main.storyboard; sourceTree = "<group>"; };
		8989DDA72AC493C00035CD99 /* Assets.xcassets */ = {isa = PBXFileReference; lastKnownFileType = folder.assetcatalog; path = Assets.xcassets; sourceTree = "<group>"; };
		8989DDAA2AC493C00035CD99 /* Base */ = {isa = PBXFileReference; lastKnownFileType = file.storyboard; name = Base; path = Base.lproj/LaunchScreen.storyboard; sourceTree = "<group>"; };
		8989DDAC2AC493C00035CD99 /* Info.plist */ = {isa = PBXFileReference; lastKnownFileType = text.plist.xml; path = Info.plist; sourceTree = "<group>"; };
		89C55DCF2AC4A57900C3066A /* Reusable.swift */ = {isa = PBXFileReference; lastKnownFileType = sourcecode.swift; path = Reusable.swift; sourceTree = "<group>"; };
		89C55DD12AC4A5B200C3066A /* StoryboardIdentifiable.swift */ = {isa = PBXFileReference; lastKnownFileType = sourcecode.swift; path = StoryboardIdentifiable.swift; sourceTree = "<group>"; };
		89C55DD42AC4A5FE00C3066A /* UIStoryboard+Storyboard.swift */ = {isa = PBXFileReference; fileEncoding = 4; lastKnownFileType = sourcecode.swift; path = "UIStoryboard+Storyboard.swift"; sourceTree = "<group>"; };
		89C55DD52AC4A5FF00C3066A /* UIColor+Hex.swift */ = {isa = PBXFileReference; fileEncoding = 4; lastKnownFileType = sourcecode.swift; path = "UIColor+Hex.swift"; sourceTree = "<group>"; };
		89C55DD62AC4A5FF00C3066A /* UILabel+EXT.swift */ = {isa = PBXFileReference; fileEncoding = 4; lastKnownFileType = sourcecode.swift; path = "UILabel+EXT.swift"; sourceTree = "<group>"; };
		89C55DD72AC4A5FF00C3066A /* UIView+EXT.swift */ = {isa = PBXFileReference; fileEncoding = 4; lastKnownFileType = sourcecode.swift; path = "UIView+EXT.swift"; sourceTree = "<group>"; };
		89C55DD82AC4A5FF00C3066A /* UIImage+EXT.swift */ = {isa = PBXFileReference; fileEncoding = 4; lastKnownFileType = sourcecode.swift; path = "UIImage+EXT.swift"; sourceTree = "<group>"; };
		89C55DD92AC4A5FF00C3066A /* UIApplication+EXT.swift */ = {isa = PBXFileReference; fileEncoding = 4; lastKnownFileType = sourcecode.swift; path = "UIApplication+EXT.swift"; sourceTree = "<group>"; };
		89C55DDA2AC4A5FF00C3066A /* UIViewController+EXT.swift */ = {isa = PBXFileReference; fileEncoding = 4; lastKnownFileType = sourcecode.swift; path = "UIViewController+EXT.swift"; sourceTree = "<group>"; };
		89C55DDB2AC4A5FF00C3066A /* UIViewController+StoryboardIdentifiable.swift */ = {isa = PBXFileReference; fileEncoding = 4; lastKnownFileType = sourcecode.swift; path = "UIViewController+StoryboardIdentifiable.swift"; sourceTree = "<group>"; };
		89C55DDC2AC4A5FF00C3066A /* UICollectionView+Reusable.swift */ = {isa = PBXFileReference; fileEncoding = 4; lastKnownFileType = sourcecode.swift; path = "UICollectionView+Reusable.swift"; sourceTree = "<group>"; };
		89C55DDD2AC4A5FF00C3066A /* UITableView+Reusable.swift */ = {isa = PBXFileReference; fileEncoding = 4; lastKnownFileType = sourcecode.swift; path = "UITableView+Reusable.swift"; sourceTree = "<group>"; };
		89C55DEA2AC4A66300C3066A /* String+Ext.swift */ = {isa = PBXFileReference; fileEncoding = 4; lastKnownFileType = sourcecode.swift; path = "String+Ext.swift"; sourceTree = "<group>"; };
		89C55DEB2AC4A66300C3066A /* Collection+Safe.swift */ = {isa = PBXFileReference; fileEncoding = 4; lastKnownFileType = sourcecode.swift; path = "Collection+Safe.swift"; sourceTree = "<group>"; };
		89C55DEF2AC4A7CD00C3066A /* App.swift */ = {isa = PBXFileReference; fileEncoding = 4; lastKnownFileType = sourcecode.swift; path = App.swift; sourceTree = "<group>"; };
		89C55DF12AC4A83400C3066A /* Storyboards.swift */ = {isa = PBXFileReference; fileEncoding = 4; lastKnownFileType = sourcecode.swift; path = Storyboards.swift; sourceTree = "<group>"; };
		89C55DF42AC4A91500C3066A /* Color.xcassets */ = {isa = PBXFileReference; lastKnownFileType = folder.assetcatalog; path = Color.xcassets; sourceTree = "<group>"; };
/* End PBXFileReference section */

/* Begin PBXFrameworksBuildPhase section */
		8989DD982AC493BF0035CD99 /* Frameworks */ = {
			isa = PBXFrameworksBuildPhase;
			buildActionMask = 2147483647;
			files = (
			);
			runOnlyForDeploymentPostprocessing = 0;
		};
/* End PBXFrameworksBuildPhase section */

/* Begin PBXGroup section */
		8989DD922AC493BF0035CD99 = {
			isa = PBXGroup;
			children = (
				8989DD9D2AC493BF0035CD99 /* Copilot */,
				8989DD9C2AC493BF0035CD99 /* Products */,
			);
			sourceTree = "<group>";
		};
		8989DD9C2AC493BF0035CD99 /* Products */ = {
			isa = PBXGroup;
			children = (
				8989DD9B2AC493BF0035CD99 /* Copilot.app */,
			);
			name = Products;
			sourceTree = "<group>";
		};
		8989DD9D2AC493BF0035CD99 /* Copilot */ = {
			isa = PBXGroup;
			children = (
				89C55DC92AC4A4E000C3066A /* Application */,
				89C55DCB2AC4A52000C3066A /* Scenes */,
				89C55DCD2AC4A54200C3066A /* Common */,
				89C55DF32AC4A89900C3066A /* Supporting Files */,
			);
			path = Copilot;
			sourceTree = "<group>";
		};
		89C55DC92AC4A4E000C3066A /* Application */ = {
			isa = PBXGroup;
			children = (
				89C55DEF2AC4A7CD00C3066A /* App.swift */,
				8989DD9E2AC493BF0035CD99 /* AppDelegate.swift */,
				8989DDA02AC493BF0035CD99 /* SceneDelegate.swift */,
				8989DDA92AC493C00035CD99 /* LaunchScreen.storyboard */,
				89C55DCA2AC4A4FB00C3066A /* Config */,
			);
			path = Application;
			sourceTree = "<group>";
		};
		89C55DCA2AC4A4FB00C3066A /* Config */ = {
			isa = PBXGroup;
			children = (
				8989DDAC2AC493C00035CD99 /* Info.plist */,
			);
			path = Config;
			sourceTree = "<group>";
		};
		89C55DCB2AC4A52000C3066A /* Scenes */ = {
			isa = PBXGroup;
			children = (
				89C55DF12AC4A83400C3066A /* Storyboards.swift */,
				8989DDA42AC493BF0035CD99 /* Main.storyboard */,
				8989DDA22AC493BF0035CD99 /* ViewController.swift */,
			);
			path = Scenes;
			sourceTree = "<group>";
		};
		89C55DCC2AC4A53600C3066A /* Components */ = {
			isa = PBXGroup;
			children = (
			);
			path = Components;
			sourceTree = "<group>";
		};
		89C55DCD2AC4A54200C3066A /* Common */ = {
			isa = PBXGroup;
			children = (
				89C55DCC2AC4A53600C3066A /* Components */,
				89C55DCE2AC4A56A00C3066A /* Protocols */,
				89C55DD32AC4A5CB00C3066A /* Extensions */,
				89C55DEE2AC4A68C00C3066A /* Helpers */,
			);
			path = Common;
			sourceTree = "<group>";
		};
		89C55DCE2AC4A56A00C3066A /* Protocols */ = {
			isa = PBXGroup;
			children = (
				89C55DCF2AC4A57900C3066A /* Reusable.swift */,
				89C55DD12AC4A5B200C3066A /* StoryboardIdentifiable.swift */,
			);
			path = Protocols;
			sourceTree = "<group>";
		};
		89C55DD32AC4A5CB00C3066A /* Extensions */ = {
			isa = PBXGroup;
			children = (
				89C55DE92AC4A64200C3066A /* UIKit */,
				89C55DE82AC4A63700C3066A /* Foundation */,
			);
			path = Extensions;
			sourceTree = "<group>";
		};
		89C55DE82AC4A63700C3066A /* Foundation */ = {
			isa = PBXGroup;
			children = (
				89C55DEB2AC4A66300C3066A /* Collection+Safe.swift */,
				89C55DEA2AC4A66300C3066A /* String+Ext.swift */,
			);
			path = Foundation;
			sourceTree = "<group>";
		};
		89C55DE92AC4A64200C3066A /* UIKit */ = {
			isa = PBXGroup;
			children = (
				89C55DD92AC4A5FF00C3066A /* UIApplication+EXT.swift */,
				89C55DDC2AC4A5FF00C3066A /* UICollectionView+Reusable.swift */,
				89C55DD52AC4A5FF00C3066A /* UIColor+Hex.swift */,
				89C55DD82AC4A5FF00C3066A /* UIImage+EXT.swift */,
				89C55DD62AC4A5FF00C3066A /* UILabel+EXT.swift */,
				89C55DD42AC4A5FE00C3066A /* UIStoryboard+Storyboard.swift */,
				89C55DDD2AC4A5FF00C3066A /* UITableView+Reusable.swift */,
				89C55DD72AC4A5FF00C3066A /* UIView+EXT.swift */,
				89C55DDA2AC4A5FF00C3066A /* UIViewController+EXT.swift */,
				89C55DDB2AC4A5FF00C3066A /* UIViewController+StoryboardIdentifiable.swift */,
			);
			path = UIKit;
			sourceTree = "<group>";
		};
		89C55DEE2AC4A68C00C3066A /* Helpers */ = {
			isa = PBXGroup;
			children = (
			);
			path = Helpers;
			sourceTree = "<group>";
		};
		89C55DF32AC4A89900C3066A /* Supporting Files */ = {
			isa = PBXGroup;
			children = (
				8989DDA72AC493C00035CD99 /* Assets.xcassets */,
				89C55DF42AC4A91500C3066A /* Color.xcassets */,
			);
			path = "Supporting Files";
			sourceTree = "<group>";
		};
/* End PBXGroup section */

/* Begin PBXNativeTarget section */
		8989DD9A2AC493BF0035CD99 /* Copilot */ = {
			isa = PBXNativeTarget;
			buildConfigurationList = 8989DDAF2AC493C00035CD99 /* Build configuration list for PBXNativeTarget "Copilot" */;
			buildPhases = (
				8989DD972AC493BF0035CD99 /* Sources */,
				8989DD982AC493BF0035CD99 /* Frameworks */,
				8989DD992AC493BF0035CD99 /* Resources */,
			);
			buildRules = (
			);
			dependencies = (
			);
			name = Copilot;
			productName = Copilot;
			productReference = 8989DD9B2AC493BF0035CD99 /* Copilot.app */;
			productType = "com.apple.product-type.application";
		};
/* End PBXNativeTarget section */

/* Begin PBXProject section */
		8989DD932AC493BF0035CD99 /* Project object */ = {
			isa = PBXProject;
			attributes = {
				BuildIndependentTargetsInParallel = 1;
				LastSwiftUpdateCheck = 1420;
				LastUpgradeCheck = 1420;
				TargetAttributes = {
					8989DD9A2AC493BF0035CD99 = {
						CreatedOnToolsVersion = 14.2;
					};
				};
			};
			buildConfigurationList = 8989DD962AC493BF0035CD99 /* Build configuration list for PBXProject "Copilot" */;
			compatibilityVersion = "Xcode 14.0";
			developmentRegion = en;
			hasScannedForEncodings = 0;
			knownRegions = (
				en,
				Base,
			);
			mainGroup = 8989DD922AC493BF0035CD99;
			productRefGroup = 8989DD9C2AC493BF0035CD99 /* Products */;
			projectDirPath = "";
			projectRoot = "";
			targets = (
				8989DD9A2AC493BF0035CD99 /* Copilot */,
			);
		};
/* End PBXProject section */

/* Begin PBXResourcesBuildPhase section */
		8989DD992AC493BF0035CD99 /* Resources */ = {
			isa = PBXResourcesBuildPhase;
			buildActionMask = 2147483647;
			files = (
				8989DDAB2AC493C00035CD99 /* LaunchScreen.storyboard in Resources */,
				8989DDA82AC493C00035CD99 /* Assets.xcassets in Resources */,
				89C55DF52AC4A91500C3066A /* Color.xcassets in Resources */,
				8989DDA62AC493BF0035CD99 /* Main.storyboard in Resources */,
			);
			runOnlyForDeploymentPostprocessing = 0;
		};
/* End PBXResourcesBuildPhase section */

/* Begin PBXSourcesBuildPhase section */
		8989DD972AC493BF0035CD99 /* Sources */ = {
			isa = PBXSourcesBuildPhase;
			buildActionMask = 2147483647;
			files = (
				89C55DDF2AC4A5FF00C3066A /* UIColor+Hex.swift in Sources */,
				89C55DED2AC4A66300C3066A /* Collection+Safe.swift in Sources */,
				89C55DD02AC4A57900C3066A /* Reusable.swift in Sources */,
				8989DDA32AC493BF0035CD99 /* ViewController.swift in Sources */,
				89C55DE52AC4A5FF00C3066A /* UIViewController+StoryboardIdentifiable.swift in Sources */,
				8989DD9F2AC493BF0035CD99 /* AppDelegate.swift in Sources */,
				89C55DE62AC4A5FF00C3066A /* UICollectionView+Reusable.swift in Sources */,
				89C55DF22AC4A83400C3066A /* Storyboards.swift in Sources */,
				89C55DE12AC4A5FF00C3066A /* UIView+EXT.swift in Sources */,
				89C55DDE2AC4A5FF00C3066A /* UIStoryboard+Storyboard.swift in Sources */,
				89C55DF02AC4A7CD00C3066A /* App.swift in Sources */,
				89C55DE42AC4A5FF00C3066A /* UIViewController+EXT.swift in Sources */,
				8989DDA12AC493BF0035CD99 /* SceneDelegate.swift in Sources */,
				89C55DE72AC4A5FF00C3066A /* UITableView+Reusable.swift in Sources */,
				89C55DE22AC4A5FF00C3066A /* UIImage+EXT.swift in Sources */,
				89C55DE02AC4A5FF00C3066A /* UILabel+EXT.swift in Sources */,
				89C55DE32AC4A5FF00C3066A /* UIApplication+EXT.swift in Sources */,
				89C55DEC2AC4A66300C3066A /* String+Ext.swift in Sources */,
				89C55DD22AC4A5B200C3066A /* StoryboardIdentifiable.swift in Sources */,
			);
			runOnlyForDeploymentPostprocessing = 0;
		};
/* End PBXSourcesBuildPhase section */

/* Begin PBXVariantGroup section */
		8989DDA42AC493BF0035CD99 /* Main.storyboard */ = {
			isa = PBXVariantGroup;
			children = (
				8989DDA52AC493BF0035CD99 /* Base */,
			);
			name = Main.storyboard;
			sourceTree = "<group>";
		};
		8989DDA92AC493C00035CD99 /* LaunchScreen.storyboard */ = {
			isa = PBXVariantGroup;
			children = (
				8989DDAA2AC493C00035CD99 /* Base */,
			);
			name = LaunchScreen.storyboard;
			sourceTree = "<group>";
		};
/* End PBXVariantGroup section */

/* Begin XCBuildConfiguration section */
		8989DDAD2AC493C00035CD99 /* Debug Development */ = {
			isa = XCBuildConfiguration;
			buildSettings = {
				ALWAYS_SEARCH_USER_PATHS = NO;
				CLANG_ANALYZER_NONNULL = YES;
				CLANG_ANALYZER_NUMBER_OBJECT_CONVERSION = YES_AGGRESSIVE;
				CLANG_CXX_LANGUAGE_STANDARD = "gnu++20";
				CLANG_ENABLE_MODULES = YES;
				CLANG_ENABLE_OBJC_ARC = YES;
				CLANG_ENABLE_OBJC_WEAK = YES;
				CLANG_WARN_BLOCK_CAPTURE_AUTORELEASING = YES;
				CLANG_WARN_BOOL_CONVERSION = YES;
				CLANG_WARN_COMMA = YES;
				CLANG_WARN_CONSTANT_CONVERSION = YES;
				CLANG_WARN_DEPRECATED_OBJC_IMPLEMENTATIONS = YES;
				CLANG_WARN_DIRECT_OBJC_ISA_USAGE = YES_ERROR;
				CLANG_WARN_DOCUMENTATION_COMMENTS = YES;
				CLANG_WARN_EMPTY_BODY = YES;
				CLANG_WARN_ENUM_CONVERSION = YES;
				CLANG_WARN_INFINITE_RECURSION = YES;
				CLANG_WARN_INT_CONVERSION = YES;
				CLANG_WARN_NON_LITERAL_NULL_CONVERSION = YES;
				CLANG_WARN_OBJC_IMPLICIT_RETAIN_SELF = YES;
				CLANG_WARN_OBJC_LITERAL_CONVERSION = YES;
				CLANG_WARN_OBJC_ROOT_CLASS = YES_ERROR;
				CLANG_WARN_QUOTED_INCLUDE_IN_FRAMEWORK_HEADER = YES;
				CLANG_WARN_RANGE_LOOP_ANALYSIS = YES;
				CLANG_WARN_STRICT_PROTOTYPES = YES;
				CLANG_WARN_SUSPICIOUS_MOVE = YES;
				CLANG_WARN_UNGUARDED_AVAILABILITY = YES_AGGRESSIVE;
				CLANG_WARN_UNREACHABLE_CODE = YES;
				CLANG_WARN__DUPLICATE_METHOD_MATCH = YES;
				COPY_PHASE_STRIP = NO;
				DEBUG_INFORMATION_FORMAT = dwarf;
				ENABLE_STRICT_OBJC_MSGSEND = YES;
				ENABLE_TESTABILITY = YES;
				GCC_C_LANGUAGE_STANDARD = gnu11;
				GCC_DYNAMIC_NO_PIC = NO;
				GCC_NO_COMMON_BLOCKS = YES;
				GCC_OPTIMIZATION_LEVEL = 0;
				GCC_PREPROCESSOR_DEFINITIONS = (
					"DEBUG=1",
					"$(inherited)",
				);
				GCC_WARN_64_TO_32_BIT_CONVERSION = YES;
				GCC_WARN_ABOUT_RETURN_TYPE = YES_ERROR;
				GCC_WARN_UNDECLARED_SELECTOR = YES;
				GCC_WARN_UNINITIALIZED_AUTOS = YES_AGGRESSIVE;
				GCC_WARN_UNUSED_FUNCTION = YES;
				GCC_WARN_UNUSED_VARIABLE = YES;
				IPHONEOS_DEPLOYMENT_TARGET = 16.2;
				MTL_ENABLE_DEBUG_INFO = INCLUDE_SOURCE;
				MTL_FAST_MATH = YES;
				ONLY_ACTIVE_ARCH = YES;
				SDKROOT = iphoneos;
				SWIFT_ACTIVE_COMPILATION_CONDITIONS = DEBUG;
				SWIFT_OPTIMIZATION_LEVEL = "-Onone";
			};
			name = "Debug Development";
		};
		8989DDAE2AC493C00035CD99 /* Release Development */ = {
			isa = XCBuildConfiguration;
			buildSettings = {
				ALWAYS_SEARCH_USER_PATHS = NO;
				CLANG_ANALYZER_NONNULL = YES;
				CLANG_ANALYZER_NUMBER_OBJECT_CONVERSION = YES_AGGRESSIVE;
				CLANG_CXX_LANGUAGE_STANDARD = "gnu++20";
				CLANG_ENABLE_MODULES = YES;
				CLANG_ENABLE_OBJC_ARC = YES;
				CLANG_ENABLE_OBJC_WEAK = YES;
				CLANG_WARN_BLOCK_CAPTURE_AUTORELEASING = YES;
				CLANG_WARN_BOOL_CONVERSION = YES;
				CLANG_WARN_COMMA = YES;
				CLANG_WARN_CONSTANT_CONVERSION = YES;
				CLANG_WARN_DEPRECATED_OBJC_IMPLEMENTATIONS = YES;
				CLANG_WARN_DIRECT_OBJC_ISA_USAGE = YES_ERROR;
				CLANG_WARN_DOCUMENTATION_COMMENTS = YES;
				CLANG_WARN_EMPTY_BODY = YES;
				CLANG_WARN_ENUM_CONVERSION = YES;
				CLANG_WARN_INFINITE_RECURSION = YES;
				CLANG_WARN_INT_CONVERSION = YES;
				CLANG_WARN_NON_LITERAL_NULL_CONVERSION = YES;
				CLANG_WARN_OBJC_IMPLICIT_RETAIN_SELF = YES;
				CLANG_WARN_OBJC_LITERAL_CONVERSION = YES;
				CLANG_WARN_OBJC_ROOT_CLASS = YES_ERROR;
				CLANG_WARN_QUOTED_INCLUDE_IN_FRAMEWORK_HEADER = YES;
				CLANG_WARN_RANGE_LOOP_ANALYSIS = YES;
				CLANG_WARN_STRICT_PROTOTYPES = YES;
				CLANG_WARN_SUSPICIOUS_MOVE = YES;
				CLANG_WARN_UNGUARDED_AVAILABILITY = YES_AGGRESSIVE;
				CLANG_WARN_UNREACHABLE_CODE = YES;
				CLANG_WARN__DUPLICATE_METHOD_MATCH = YES;
				COPY_PHASE_STRIP = NO;
				DEBUG_INFORMATION_FORMAT = "dwarf-with-dsym";
				ENABLE_NS_ASSERTIONS = NO;
				ENABLE_STRICT_OBJC_MSGSEND = YES;
				GCC_C_LANGUAGE_STANDARD = gnu11;
				GCC_NO_COMMON_BLOCKS = YES;
				GCC_WARN_64_TO_32_BIT_CONVERSION = YES;
				GCC_WARN_ABOUT_RETURN_TYPE = YES_ERROR;
				GCC_WARN_UNDECLARED_SELECTOR = YES;
				GCC_WARN_UNINITIALIZED_AUTOS = YES_AGGRESSIVE;
				GCC_WARN_UNUSED_FUNCTION = YES;
				GCC_WARN_UNUSED_VARIABLE = YES;
				IPHONEOS_DEPLOYMENT_TARGET = 16.2;
				MTL_ENABLE_DEBUG_INFO = NO;
				MTL_FAST_MATH = YES;
				SDKROOT = iphoneos;
				SWIFT_COMPILATION_MODE = wholemodule;
				SWIFT_OPTIMIZATION_LEVEL = "-O";
				VALIDATE_PRODUCT = YES;
			};
			name = "Release Development";
		};
		8989DDB02AC493C00035CD99 /* Debug Development */ = {
			isa = XCBuildConfiguration;
			buildSettings = {
				ASSETCATALOG_COMPILER_APPICON_NAME = AppIcon;
				ASSETCATALOG_COMPILER_GLOBAL_ACCENT_COLOR_NAME = AccentColor;
				CODE_SIGN_STYLE = Automatic;
				CURRENT_PROJECT_VERSION = 1;
				DEVELOPMENT_TEAM = 88MUA8FE52;
				GENERATE_INFOPLIST_FILE = YES;
				INFOPLIST_FILE = Copilot/Application/Config/Info.plist;
				INFOPLIST_KEY_UIApplicationSupportsIndirectInputEvents = YES;
				INFOPLIST_KEY_UILaunchStoryboardName = LaunchScreen;
				INFOPLIST_KEY_UIMainStoryboardFile = Main;
				INFOPLIST_KEY_UISupportedInterfaceOrientations = UIInterfaceOrientationPortrait;
				INFOPLIST_KEY_UISupportedInterfaceOrientations_iPad = "UIInterfaceOrientationLandscapeLeft UIInterfaceOrientationLandscapeRight UIInterfaceOrientationPortrait UIInterfaceOrientationPortraitUpsideDown";
				LD_RUNPATH_SEARCH_PATHS = (
					"$(inherited)",
					"@executable_path/Frameworks",
				);
				MARKETING_VERSION = 1.0;
				PRODUCT_BUNDLE_IDENTIFIER = com.solidict.copilot.dev;
				PRODUCT_NAME = "$(TARGET_NAME)";
				SWIFT_ACTIVE_COMPILATION_CONDITIONS = DEV_DEBUG;
				SWIFT_EMIT_LOC_STRINGS = YES;
				SWIFT_VERSION = 5.0;
				TARGETED_DEVICE_FAMILY = "1,2";
			};
			name = "Debug Development";
		};
		8989DDB12AC493C00035CD99 /* Release Development */ = {
			isa = XCBuildConfiguration;
			buildSettings = {
				ASSETCATALOG_COMPILER_APPICON_NAME = AppIcon;
				ASSETCATALOG_COMPILER_GLOBAL_ACCENT_COLOR_NAME = AccentColor;
				CODE_SIGN_STYLE = Automatic;
				CURRENT_PROJECT_VERSION = 1;
				DEVELOPMENT_TEAM = 88MUA8FE52;
				GENERATE_INFOPLIST_FILE = YES;
				INFOPLIST_FILE = Copilot/Application/Config/Info.plist;
				INFOPLIST_KEY_UIApplicationSupportsIndirectInputEvents = YES;
				INFOPLIST_KEY_UILaunchStoryboardName = LaunchScreen;
				INFOPLIST_KEY_UIMainStoryboardFile = Main;
				INFOPLIST_KEY_UISupportedInterfaceOrientations = UIInterfaceOrientationPortrait;
				INFOPLIST_KEY_UISupportedInterfaceOrientations_iPad = "UIInterfaceOrientationLandscapeLeft UIInterfaceOrientationLandscapeRight UIInterfaceOrientationPortrait UIInterfaceOrientationPortraitUpsideDown";
				LD_RUNPATH_SEARCH_PATHS = (
					"$(inherited)",
					"@executable_path/Frameworks",
				);
				MARKETING_VERSION = 1.0;
				PRODUCT_BUNDLE_IDENTIFIER = com.solidict.copilot.dev;
				PRODUCT_NAME = "$(TARGET_NAME)";
				SWIFT_ACTIVE_COMPILATION_CONDITIONS = DEV_RELEASE;
				SWIFT_EMIT_LOC_STRINGS = YES;
				SWIFT_VERSION = 5.0;
				TARGETED_DEVICE_FAMILY = "1,2";
			};
			name = "Release Development";
		};
		89C55DC52AC496ED00C3066A /* Debug Production */ = {
			isa = XCBuildConfiguration;
			buildSettings = {
				ALWAYS_SEARCH_USER_PATHS = NO;
				CLANG_ANALYZER_NONNULL = YES;
				CLANG_ANALYZER_NUMBER_OBJECT_CONVERSION = YES_AGGRESSIVE;
				CLANG_CXX_LANGUAGE_STANDARD = "gnu++20";
				CLANG_ENABLE_MODULES = YES;
				CLANG_ENABLE_OBJC_ARC = YES;
				CLANG_ENABLE_OBJC_WEAK = YES;
				CLANG_WARN_BLOCK_CAPTURE_AUTORELEASING = YES;
				CLANG_WARN_BOOL_CONVERSION = YES;
				CLANG_WARN_COMMA = YES;
				CLANG_WARN_CONSTANT_CONVERSION = YES;
				CLANG_WARN_DEPRECATED_OBJC_IMPLEMENTATIONS = YES;
				CLANG_WARN_DIRECT_OBJC_ISA_USAGE = YES_ERROR;
				CLANG_WARN_DOCUMENTATION_COMMENTS = YES;
				CLANG_WARN_EMPTY_BODY = YES;
				CLANG_WARN_ENUM_CONVERSION = YES;
				CLANG_WARN_INFINITE_RECURSION = YES;
				CLANG_WARN_INT_CONVERSION = YES;
				CLANG_WARN_NON_LITERAL_NULL_CONVERSION = YES;
				CLANG_WARN_OBJC_IMPLICIT_RETAIN_SELF = YES;
				CLANG_WARN_OBJC_LITERAL_CONVERSION = YES;
				CLANG_WARN_OBJC_ROOT_CLASS = YES_ERROR;
				CLANG_WARN_QUOTED_INCLUDE_IN_FRAMEWORK_HEADER = YES;
				CLANG_WARN_RANGE_LOOP_ANALYSIS = YES;
				CLANG_WARN_STRICT_PROTOTYPES = YES;
				CLANG_WARN_SUSPICIOUS_MOVE = YES;
				CLANG_WARN_UNGUARDED_AVAILABILITY = YES_AGGRESSIVE;
				CLANG_WARN_UNREACHABLE_CODE = YES;
				CLANG_WARN__DUPLICATE_METHOD_MATCH = YES;
				COPY_PHASE_STRIP = NO;
				DEBUG_INFORMATION_FORMAT = dwarf;
				ENABLE_STRICT_OBJC_MSGSEND = YES;
				ENABLE_TESTABILITY = YES;
				GCC_C_LANGUAGE_STANDARD = gnu11;
				GCC_DYNAMIC_NO_PIC = NO;
				GCC_NO_COMMON_BLOCKS = YES;
				GCC_OPTIMIZATION_LEVEL = 0;
				GCC_PREPROCESSOR_DEFINITIONS = (
					"DEBUG=1",
					"$(inherited)",
				);
				GCC_WARN_64_TO_32_BIT_CONVERSION = YES;
				GCC_WARN_ABOUT_RETURN_TYPE = YES_ERROR;
				GCC_WARN_UNDECLARED_SELECTOR = YES;
				GCC_WARN_UNINITIALIZED_AUTOS = YES_AGGRESSIVE;
				GCC_WARN_UNUSED_FUNCTION = YES;
				GCC_WARN_UNUSED_VARIABLE = YES;
				IPHONEOS_DEPLOYMENT_TARGET = 16.2;
				MTL_ENABLE_DEBUG_INFO = INCLUDE_SOURCE;
				MTL_FAST_MATH = YES;
				ONLY_ACTIVE_ARCH = YES;
				SDKROOT = iphoneos;
				SWIFT_ACTIVE_COMPILATION_CONDITIONS = DEBUG;
				SWIFT_OPTIMIZATION_LEVEL = "-Onone";
			};
			name = "Debug Production";
		};
		89C55DC62AC496ED00C3066A /* Debug Production */ = {
			isa = XCBuildConfiguration;
			buildSettings = {
				ASSETCATALOG_COMPILER_APPICON_NAME = AppIcon;
				ASSETCATALOG_COMPILER_GLOBAL_ACCENT_COLOR_NAME = AccentColor;
				CODE_SIGN_STYLE = Automatic;
				CURRENT_PROJECT_VERSION = 1;
				DEVELOPMENT_TEAM = 88MUA8FE52;
				GENERATE_INFOPLIST_FILE = YES;
				INFOPLIST_FILE = Copilot/Application/Config/Info.plist;
				INFOPLIST_KEY_UIApplicationSupportsIndirectInputEvents = YES;
				INFOPLIST_KEY_UILaunchStoryboardName = LaunchScreen;
				INFOPLIST_KEY_UIMainStoryboardFile = Main;
				INFOPLIST_KEY_UISupportedInterfaceOrientations = UIInterfaceOrientationPortrait;
				INFOPLIST_KEY_UISupportedInterfaceOrientations_iPad = "UIInterfaceOrientationLandscapeLeft UIInterfaceOrientationLandscapeRight UIInterfaceOrientationPortrait UIInterfaceOrientationPortraitUpsideDown";
				LD_RUNPATH_SEARCH_PATHS = (
					"$(inherited)",
					"@executable_path/Frameworks",
				);
				MARKETING_VERSION = 1.0;
				PRODUCT_BUNDLE_IDENTIFIER = com.solidict.copilot;
				PRODUCT_NAME = "$(TARGET_NAME)";
				SWIFT_ACTIVE_COMPILATION_CONDITIONS = PROD_DEBUG;
				SWIFT_EMIT_LOC_STRINGS = YES;
				SWIFT_VERSION = 5.0;
				TARGETED_DEVICE_FAMILY = "1,2";
			};
			name = "Debug Production";
		};
		89C55DC72AC496FF00C3066A /* Release Production */ = {
			isa = XCBuildConfiguration;
			buildSettings = {
				ALWAYS_SEARCH_USER_PATHS = NO;
				CLANG_ANALYZER_NONNULL = YES;
				CLANG_ANALYZER_NUMBER_OBJECT_CONVERSION = YES_AGGRESSIVE;
				CLANG_CXX_LANGUAGE_STANDARD = "gnu++20";
				CLANG_ENABLE_MODULES = YES;
				CLANG_ENABLE_OBJC_ARC = YES;
				CLANG_ENABLE_OBJC_WEAK = YES;
				CLANG_WARN_BLOCK_CAPTURE_AUTORELEASING = YES;
				CLANG_WARN_BOOL_CONVERSION = YES;
				CLANG_WARN_COMMA = YES;
				CLANG_WARN_CONSTANT_CONVERSION = YES;
				CLANG_WARN_DEPRECATED_OBJC_IMPLEMENTATIONS = YES;
				CLANG_WARN_DIRECT_OBJC_ISA_USAGE = YES_ERROR;
				CLANG_WARN_DOCUMENTATION_COMMENTS = YES;
				CLANG_WARN_EMPTY_BODY = YES;
				CLANG_WARN_ENUM_CONVERSION = YES;
				CLANG_WARN_INFINITE_RECURSION = YES;
				CLANG_WARN_INT_CONVERSION = YES;
				CLANG_WARN_NON_LITERAL_NULL_CONVERSION = YES;
				CLANG_WARN_OBJC_IMPLICIT_RETAIN_SELF = YES;
				CLANG_WARN_OBJC_LITERAL_CONVERSION = YES;
				CLANG_WARN_OBJC_ROOT_CLASS = YES_ERROR;
				CLANG_WARN_QUOTED_INCLUDE_IN_FRAMEWORK_HEADER = YES;
				CLANG_WARN_RANGE_LOOP_ANALYSIS = YES;
				CLANG_WARN_STRICT_PROTOTYPES = YES;
				CLANG_WARN_SUSPICIOUS_MOVE = YES;
				CLANG_WARN_UNGUARDED_AVAILABILITY = YES_AGGRESSIVE;
				CLANG_WARN_UNREACHABLE_CODE = YES;
				CLANG_WARN__DUPLICATE_METHOD_MATCH = YES;
				COPY_PHASE_STRIP = NO;
				DEBUG_INFORMATION_FORMAT = "dwarf-with-dsym";
				ENABLE_NS_ASSERTIONS = NO;
				ENABLE_STRICT_OBJC_MSGSEND = YES;
				GCC_C_LANGUAGE_STANDARD = gnu11;
				GCC_NO_COMMON_BLOCKS = YES;
				GCC_WARN_64_TO_32_BIT_CONVERSION = YES;
				GCC_WARN_ABOUT_RETURN_TYPE = YES_ERROR;
				GCC_WARN_UNDECLARED_SELECTOR = YES;
				GCC_WARN_UNINITIALIZED_AUTOS = YES_AGGRESSIVE;
				GCC_WARN_UNUSED_FUNCTION = YES;
				GCC_WARN_UNUSED_VARIABLE = YES;
				IPHONEOS_DEPLOYMENT_TARGET = 16.2;
				MTL_ENABLE_DEBUG_INFO = NO;
				MTL_FAST_MATH = YES;
				SDKROOT = iphoneos;
				SWIFT_COMPILATION_MODE = wholemodule;
				SWIFT_OPTIMIZATION_LEVEL = "-O";
				VALIDATE_PRODUCT = YES;
			};
			name = "Release Production";
		};
		89C55DC82AC496FF00C3066A /* Release Production */ = {
			isa = XCBuildConfiguration;
			buildSettings = {
				ASSETCATALOG_COMPILER_APPICON_NAME = AppIcon;
				ASSETCATALOG_COMPILER_GLOBAL_ACCENT_COLOR_NAME = AccentColor;
				CODE_SIGN_STYLE = Automatic;
				CURRENT_PROJECT_VERSION = 1;
				DEVELOPMENT_TEAM = 88MUA8FE52;
				GENERATE_INFOPLIST_FILE = YES;
				INFOPLIST_FILE = Copilot/Application/Config/Info.plist;
				INFOPLIST_KEY_UIApplicationSupportsIndirectInputEvents = YES;
				INFOPLIST_KEY_UILaunchStoryboardName = LaunchScreen;
				INFOPLIST_KEY_UIMainStoryboardFile = Main;
				INFOPLIST_KEY_UISupportedInterfaceOrientations = UIInterfaceOrientationPortrait;
				INFOPLIST_KEY_UISupportedInterfaceOrientations_iPad = "UIInterfaceOrientationLandscapeLeft UIInterfaceOrientationLandscapeRight UIInterfaceOrientationPortrait UIInterfaceOrientationPortraitUpsideDown";
				LD_RUNPATH_SEARCH_PATHS = (
					"$(inherited)",
					"@executable_path/Frameworks",
				);
				MARKETING_VERSION = 1.0;
				PRODUCT_BUNDLE_IDENTIFIER = com.solidict.copilot;
				PRODUCT_NAME = "$(TARGET_NAME)";
				SWIFT_EMIT_LOC_STRINGS = YES;
				SWIFT_VERSION = 5.0;
				TARGETED_DEVICE_FAMILY = "1,2";
			};
			name = "Release Production";
		};
/* End XCBuildConfiguration section */

/* Begin XCConfigurationList section */
		8989DD962AC493BF0035CD99 /* Build configuration list for PBXProject "Copilot" */ = {
			isa = XCConfigurationList;
			buildConfigurations = (
				8989DDAD2AC493C00035CD99 /* Debug Development */,
				89C55DC52AC496ED00C3066A /* Debug Production */,
				8989DDAE2AC493C00035CD99 /* Release Development */,
				89C55DC72AC496FF00C3066A /* Release Production */,
			);
			defaultConfigurationIsVisible = 0;
			defaultConfigurationName = "Release Development";
		};
		8989DDAF2AC493C00035CD99 /* Build configuration list for PBXNativeTarget "Copilot" */ = {
			isa = XCConfigurationList;
			buildConfigurations = (
				8989DDB02AC493C00035CD99 /* Debug Development */,
				89C55DC62AC496ED00C3066A /* Debug Production */,
				8989DDB12AC493C00035CD99 /* Release Development */,
				89C55DC82AC496FF00C3066A /* Release Production */,
			);
			defaultConfigurationIsVisible = 0;
			defaultConfigurationName = "Release Development";
		};
/* End XCConfigurationList section */
	};
	rootObject = 8989DD932AC493BF0035CD99 /* Project object */;
}
